// !$*UTF8*$!
{
	archiveVersion = 1;
	classes = {
	};
	objectVersion = 46;
	objects = {

/* Begin PBXBuildFile section */
		490D5ED58103542F7917F833 /* Pods_iosgo.framework in Frameworks */ = {isa = PBXBuildFile; fileRef = AF12002656677CCFB6D8EAF8 /* Pods_iosgo.framework */; };
		565D246F1E54A5A500EF62CD /* AppDelegate.swift in Sources */ = {isa = PBXBuildFile; fileRef = 565D246E1E54A5A500EF62CD /* AppDelegate.swift */; };
		565D24711E54A5A500EF62CD /* GameScene.sks in Resources */ = {isa = PBXBuildFile; fileRef = 565D24701E54A5A500EF62CD /* GameScene.sks */; };
		565D24731E54A5A500EF62CD /* Actions.sks in Resources */ = {isa = PBXBuildFile; fileRef = 565D24721E54A5A500EF62CD /* Actions.sks */; };
		565D24751E54A5A500EF62CD /* GameScene.swift in Sources */ = {isa = PBXBuildFile; fileRef = 565D24741E54A5A500EF62CD /* GameScene.swift */; };
		565D24771E54A5A500EF62CD /* GameViewController.swift in Sources */ = {isa = PBXBuildFile; fileRef = 565D24761E54A5A500EF62CD /* GameViewController.swift */; };
		565D247A1E54A5A500EF62CD /* Main.storyboard in Resources */ = {isa = PBXBuildFile; fileRef = 565D24781E54A5A500EF62CD /* Main.storyboard */; };
		565D247C1E54A5A500EF62CD /* Assets.xcassets in Resources */ = {isa = PBXBuildFile; fileRef = 565D247B1E54A5A500EF62CD /* Assets.xcassets */; };
		565D247F1E54A5A500EF62CD /* LaunchScreen.storyboard in Resources */ = {isa = PBXBuildFile; fileRef = 565D247D1E54A5A500EF62CD /* LaunchScreen.storyboard */; };
		565D248A1E54A5A500EF62CD /* iosgoTests.swift in Sources */ = {isa = PBXBuildFile; fileRef = 565D24891E54A5A500EF62CD /* iosgoTests.swift */; };
		56BD886D1E551C990098E50B /* Oswald-Bold.ttf in Resources */ = {isa = PBXBuildFile; fileRef = 56BD885E1E551C990098E50B /* Oswald-Bold.ttf */; };
		56BD886E1E551C990098E50B /* Oswald-BoldItalic.ttf in Resources */ = {isa = PBXBuildFile; fileRef = 56BD885F1E551C990098E50B /* Oswald-BoldItalic.ttf */; };
		56BD886F1E551C990098E50B /* Oswald-Demi-BoldItalic.ttf in Resources */ = {isa = PBXBuildFile; fileRef = 56BD88601E551C990098E50B /* Oswald-Demi-BoldItalic.ttf */; };
		56BD88701E551C990098E50B /* Oswald-DemiBold.ttf in Resources */ = {isa = PBXBuildFile; fileRef = 56BD88611E551C990098E50B /* Oswald-DemiBold.ttf */; };
		56BD88711E551C990098E50B /* Oswald-Extra-LightItalic.ttf in Resources */ = {isa = PBXBuildFile; fileRef = 56BD88621E551C990098E50B /* Oswald-Extra-LightItalic.ttf */; };
		56BD88721E551C990098E50B /* Oswald-ExtraLight.ttf in Resources */ = {isa = PBXBuildFile; fileRef = 56BD88631E551C990098E50B /* Oswald-ExtraLight.ttf */; };
		56BD88731E551C990098E50B /* Oswald-Heavy.ttf in Resources */ = {isa = PBXBuildFile; fileRef = 56BD88641E551C990098E50B /* Oswald-Heavy.ttf */; };
		56BD88741E551C990098E50B /* Oswald-HeavyItalic.ttf in Resources */ = {isa = PBXBuildFile; fileRef = 56BD88651E551C990098E50B /* Oswald-HeavyItalic.ttf */; };
		56BD88751E551C990098E50B /* Oswald-Light.ttf in Resources */ = {isa = PBXBuildFile; fileRef = 56BD88661E551C990098E50B /* Oswald-Light.ttf */; };
		56BD88761E551C990098E50B /* Oswald-LightItalic.ttf in Resources */ = {isa = PBXBuildFile; fileRef = 56BD88671E551C990098E50B /* Oswald-LightItalic.ttf */; };
		56BD88771E551C990098E50B /* Oswald-Medium.ttf in Resources */ = {isa = PBXBuildFile; fileRef = 56BD88681E551C990098E50B /* Oswald-Medium.ttf */; };
		56BD88781E551C990098E50B /* Oswald-MediumItalic.ttf in Resources */ = {isa = PBXBuildFile; fileRef = 56BD88691E551C990098E50B /* Oswald-MediumItalic.ttf */; };
		56BD88791E551C990098E50B /* Oswald-Regular.ttf in Resources */ = {isa = PBXBuildFile; fileRef = 56BD886A1E551C990098E50B /* Oswald-Regular.ttf */; };
		56BD887A1E551C990098E50B /* Oswald-RegularItalic.ttf in Resources */ = {isa = PBXBuildFile; fileRef = 56BD886B1E551C990098E50B /* Oswald-RegularItalic.ttf */; };
		56BD887B1E551C990098E50B /* Oswald-Stencil.ttf in Resources */ = {isa = PBXBuildFile; fileRef = 56BD886C1E551C990098E50B /* Oswald-Stencil.ttf */; };
		56BD888F1E5522530098E50B /* OGSButton.swift in Sources */ = {isa = PBXBuildFile; fileRef = 56BD888E1E5522530098E50B /* OGSButton.swift */; };
		8405C07D0C32F31FC969AB9A /* OGSApiManager.swift in Sources */ = {isa = PBXBuildFile; fileRef = 8405C86919E0281F0A8D34AA /* OGSApiManager.swift */; };
		8405C17C969AC4488D2E1025 /* OGSLoginViewController.storyboard in Resources */ = {isa = PBXBuildFile; fileRef = 8405CF546D963204AC2350EC /* OGSLoginViewController.storyboard */; };
		8405C25052BE507C9469A9FE /* OGSLoginModels.swift in Sources */ = {isa = PBXBuildFile; fileRef = 8405CDF76C6E046EFBE5BCA7 /* OGSLoginModels.swift */; };
		8405C28F83F104CEC08F0244 /* OGSOauthApiStore.swift in Sources */ = {isa = PBXBuildFile; fileRef = 8405CAD187F0510292BEF3BF /* OGSOauthApiStore.swift */; };
		8405C2F9E3BB909C3FB99D0D /* OGSDiskManager.swift in Sources */ = {isa = PBXBuildFile; fileRef = 8405CFDC3572F74D8EBE0FBD /* OGSDiskManager.swift */; };
		8405C3C9E1790ACD829F597C /* OGSLoginWorker.swift in Sources */ = {isa = PBXBuildFile; fileRef = 8405C28DF70477E87F3C32BB /* OGSLoginWorker.swift */; };
		8405C3EF4B45726E0EC70766 /* OGSAppConfigurator.swift in Sources */ = {isa = PBXBuildFile; fileRef = 8405C70C34A8FC953482040E /* OGSAppConfigurator.swift */; };
		8405C6E5D3897A1BBF7653B2 /* OGSLoginViewController.swift in Sources */ = {isa = PBXBuildFile; fileRef = 8405C8F03743E98C9A565610 /* OGSLoginViewController.swift */; };
		8405C770AEC788A09A99DC5D /* OGSOauthStoreProtocol.swift in Sources */ = {isa = PBXBuildFile; fileRef = 8405C1F1FF4673A8BCF00090 /* OGSOauthStoreProtocol.swift */; };
		8405CA49BF8044F3F0B76F31 /* OGSLoginInteractor.swift in Sources */ = {isa = PBXBuildFile; fileRef = 8405C352FE0AD49BF149BB22 /* OGSLoginInteractor.swift */; };
		8405CA6A133748D9049413CA /* OGSLoginPresenter.swift in Sources */ = {isa = PBXBuildFile; fileRef = 8405CA28D0B815E0BA8C2995 /* OGSLoginPresenter.swift */; };
		8405CB5F7BAD2E27B9786979 /* Temp.swift in Sources */ = {isa = PBXBuildFile; fileRef = 8405CF5B5FD5BE2E3B1BFCDC /* Temp.swift */; };
		8405CC0C6DBB4D5102EE60CF /* OGSLoginConfigurator.swift in Sources */ = {isa = PBXBuildFile; fileRef = 8405C835964EBE64454849A1 /* OGSLoginConfigurator.swift */; };
		8405CDE4965C7493BA13D163 /* OGSLoginRouter.swift in Sources */ = {isa = PBXBuildFile; fileRef = 8405CCBEDED129DD31C31BA8 /* OGSLoginRouter.swift */; };
		A81193961154CC5984C35A80 /* Pods_iosgoTests.framework in Frameworks */ = {isa = PBXBuildFile; fileRef = F9EF09D63764B4EEF1D623C0 /* Pods_iosgoTests.framework */; };
		AD05A98848DA928281D1EFE3 /* UIColor+Additions.swift in Sources */ = {isa = PBXBuildFile; fileRef = AD05A8FFF7774E8C78F4B5C4 /* UIColor+Additions.swift */; };
/* End PBXBuildFile section */

/* Begin PBXContainerItemProxy section */
		565D24861E54A5A500EF62CD /* PBXContainerItemProxy */ = {
			isa = PBXContainerItemProxy;
			containerPortal = 565D24631E54A5A500EF62CD /* Project object */;
			proxyType = 1;
			remoteGlobalIDString = 565D246A1E54A5A500EF62CD;
			remoteInfo = iosgo;
		};
/* End PBXContainerItemProxy section */

/* Begin PBXFileReference section */
		01BA5FDBCD62AB45B53CC1A9 /* Pods-iosgo.release.xcconfig */ = {isa = PBXFileReference; includeInIndex = 1; lastKnownFileType = text.xcconfig; name = "Pods-iosgo.release.xcconfig"; path = "Pods/Target Support Files/Pods-iosgo/Pods-iosgo.release.xcconfig"; sourceTree = "<group>"; };
		2F833FBBB73B7CCEE7D54A54 /* Pods-iosgoTests.release.xcconfig */ = {isa = PBXFileReference; includeInIndex = 1; lastKnownFileType = text.xcconfig; name = "Pods-iosgoTests.release.xcconfig"; path = "Pods/Target Support Files/Pods-iosgoTests/Pods-iosgoTests.release.xcconfig"; sourceTree = "<group>"; };
		3A3A74F5D326BE5E0E2D52ED /* Pods-iosgoTests.debug.xcconfig */ = {isa = PBXFileReference; includeInIndex = 1; lastKnownFileType = text.xcconfig; name = "Pods-iosgoTests.debug.xcconfig"; path = "Pods/Target Support Files/Pods-iosgoTests/Pods-iosgoTests.debug.xcconfig"; sourceTree = "<group>"; };
		565D246B1E54A5A500EF62CD /* iosgo.app */ = {isa = PBXFileReference; explicitFileType = wrapper.application; includeInIndex = 0; path = iosgo.app; sourceTree = BUILT_PRODUCTS_DIR; };
		565D246E1E54A5A500EF62CD /* AppDelegate.swift */ = {isa = PBXFileReference; lastKnownFileType = sourcecode.swift; path = AppDelegate.swift; sourceTree = "<group>"; };
		565D24701E54A5A500EF62CD /* GameScene.sks */ = {isa = PBXFileReference; lastKnownFileType = file.sks; path = GameScene.sks; sourceTree = "<group>"; };
		565D24721E54A5A500EF62CD /* Actions.sks */ = {isa = PBXFileReference; lastKnownFileType = file.sks; path = Actions.sks; sourceTree = "<group>"; };
		565D24741E54A5A500EF62CD /* GameScene.swift */ = {isa = PBXFileReference; lastKnownFileType = sourcecode.swift; path = GameScene.swift; sourceTree = "<group>"; };
		565D24761E54A5A500EF62CD /* GameViewController.swift */ = {isa = PBXFileReference; lastKnownFileType = sourcecode.swift; path = GameViewController.swift; sourceTree = "<group>"; };
		565D24791E54A5A500EF62CD /* Base */ = {isa = PBXFileReference; lastKnownFileType = file.storyboard; name = Base; path = Base.lproj/Main.storyboard; sourceTree = "<group>"; };
		565D247B1E54A5A500EF62CD /* Assets.xcassets */ = {isa = PBXFileReference; lastKnownFileType = folder.assetcatalog; path = Assets.xcassets; sourceTree = "<group>"; };
		565D247E1E54A5A500EF62CD /* Base */ = {isa = PBXFileReference; lastKnownFileType = file.storyboard; name = Base; path = Base.lproj/LaunchScreen.storyboard; sourceTree = "<group>"; };
		565D24801E54A5A500EF62CD /* Info.plist */ = {isa = PBXFileReference; lastKnownFileType = text.plist.xml; path = Info.plist; sourceTree = "<group>"; };
		565D24851E54A5A500EF62CD /* iosgoTests.xctest */ = {isa = PBXFileReference; explicitFileType = wrapper.cfbundle; includeInIndex = 0; path = iosgoTests.xctest; sourceTree = BUILT_PRODUCTS_DIR; };
		565D24891E54A5A500EF62CD /* iosgoTests.swift */ = {isa = PBXFileReference; lastKnownFileType = sourcecode.swift; path = iosgoTests.swift; sourceTree = "<group>"; };
		565D248B1E54A5A500EF62CD /* Info.plist */ = {isa = PBXFileReference; lastKnownFileType = text.plist.xml; path = Info.plist; sourceTree = "<group>"; };
		56BD885E1E551C990098E50B /* Oswald-Bold.ttf */ = {isa = PBXFileReference; lastKnownFileType = file; path = "Oswald-Bold.ttf"; sourceTree = "<group>"; };
		56BD885F1E551C990098E50B /* Oswald-BoldItalic.ttf */ = {isa = PBXFileReference; lastKnownFileType = file; path = "Oswald-BoldItalic.ttf"; sourceTree = "<group>"; };
		56BD88601E551C990098E50B /* Oswald-Demi-BoldItalic.ttf */ = {isa = PBXFileReference; lastKnownFileType = file; path = "Oswald-Demi-BoldItalic.ttf"; sourceTree = "<group>"; };
		56BD88611E551C990098E50B /* Oswald-DemiBold.ttf */ = {isa = PBXFileReference; lastKnownFileType = file; path = "Oswald-DemiBold.ttf"; sourceTree = "<group>"; };
		56BD88621E551C990098E50B /* Oswald-Extra-LightItalic.ttf */ = {isa = PBXFileReference; lastKnownFileType = file; path = "Oswald-Extra-LightItalic.ttf"; sourceTree = "<group>"; };
		56BD88631E551C990098E50B /* Oswald-ExtraLight.ttf */ = {isa = PBXFileReference; lastKnownFileType = file; path = "Oswald-ExtraLight.ttf"; sourceTree = "<group>"; };
		56BD88641E551C990098E50B /* Oswald-Heavy.ttf */ = {isa = PBXFileReference; lastKnownFileType = file; path = "Oswald-Heavy.ttf"; sourceTree = "<group>"; };
		56BD88651E551C990098E50B /* Oswald-HeavyItalic.ttf */ = {isa = PBXFileReference; lastKnownFileType = file; path = "Oswald-HeavyItalic.ttf"; sourceTree = "<group>"; };
		56BD88661E551C990098E50B /* Oswald-Light.ttf */ = {isa = PBXFileReference; lastKnownFileType = file; path = "Oswald-Light.ttf"; sourceTree = "<group>"; };
		56BD88671E551C990098E50B /* Oswald-LightItalic.ttf */ = {isa = PBXFileReference; lastKnownFileType = file; path = "Oswald-LightItalic.ttf"; sourceTree = "<group>"; };
		56BD88681E551C990098E50B /* Oswald-Medium.ttf */ = {isa = PBXFileReference; lastKnownFileType = file; path = "Oswald-Medium.ttf"; sourceTree = "<group>"; };
		56BD88691E551C990098E50B /* Oswald-MediumItalic.ttf */ = {isa = PBXFileReference; lastKnownFileType = file; path = "Oswald-MediumItalic.ttf"; sourceTree = "<group>"; };
		56BD886A1E551C990098E50B /* Oswald-Regular.ttf */ = {isa = PBXFileReference; lastKnownFileType = file; path = "Oswald-Regular.ttf"; sourceTree = "<group>"; };
		56BD886B1E551C990098E50B /* Oswald-RegularItalic.ttf */ = {isa = PBXFileReference; lastKnownFileType = file; path = "Oswald-RegularItalic.ttf"; sourceTree = "<group>"; };
		56BD886C1E551C990098E50B /* Oswald-Stencil.ttf */ = {isa = PBXFileReference; lastKnownFileType = file; path = "Oswald-Stencil.ttf"; sourceTree = "<group>"; };
		56BD888E1E5522530098E50B /* OGSButton.swift */ = {isa = PBXFileReference; fileEncoding = 4; lastKnownFileType = sourcecode.swift; path = OGSButton.swift; sourceTree = "<group>"; };
		716E1A03A77525183735DD47 /* Pods-iosgo.debug.xcconfig */ = {isa = PBXFileReference; includeInIndex = 1; lastKnownFileType = text.xcconfig; name = "Pods-iosgo.debug.xcconfig"; path = "Pods/Target Support Files/Pods-iosgo/Pods-iosgo.debug.xcconfig"; sourceTree = "<group>"; };
		8405C1F1FF4673A8BCF00090 /* OGSOauthStoreProtocol.swift */ = {isa = PBXFileReference; fileEncoding = 4; lastKnownFileType = sourcecode.swift; path = OGSOauthStoreProtocol.swift; sourceTree = "<group>"; };
		8405C28DF70477E87F3C32BB /* OGSLoginWorker.swift */ = {isa = PBXFileReference; fileEncoding = 4; lastKnownFileType = sourcecode.swift; path = OGSLoginWorker.swift; sourceTree = "<group>"; };
		8405C352FE0AD49BF149BB22 /* OGSLoginInteractor.swift */ = {isa = PBXFileReference; fileEncoding = 4; lastKnownFileType = sourcecode.swift; path = OGSLoginInteractor.swift; sourceTree = "<group>"; };
		8405C70C34A8FC953482040E /* OGSAppConfigurator.swift */ = {isa = PBXFileReference; fileEncoding = 4; lastKnownFileType = sourcecode.swift; path = OGSAppConfigurator.swift; sourceTree = "<group>"; };
		8405C835964EBE64454849A1 /* OGSLoginConfigurator.swift */ = {isa = PBXFileReference; fileEncoding = 4; lastKnownFileType = sourcecode.swift; path = OGSLoginConfigurator.swift; sourceTree = "<group>"; };
		8405C86919E0281F0A8D34AA /* OGSApiManager.swift */ = {isa = PBXFileReference; fileEncoding = 4; lastKnownFileType = sourcecode.swift; path = OGSApiManager.swift; sourceTree = "<group>"; };
		8405C8F03743E98C9A565610 /* OGSLoginViewController.swift */ = {isa = PBXFileReference; fileEncoding = 4; lastKnownFileType = sourcecode.swift; path = OGSLoginViewController.swift; sourceTree = "<group>"; };
		8405CA28D0B815E0BA8C2995 /* OGSLoginPresenter.swift */ = {isa = PBXFileReference; fileEncoding = 4; lastKnownFileType = sourcecode.swift; path = OGSLoginPresenter.swift; sourceTree = "<group>"; };
		8405CAD187F0510292BEF3BF /* OGSOauthApiStore.swift */ = {isa = PBXFileReference; fileEncoding = 4; lastKnownFileType = sourcecode.swift; path = OGSOauthApiStore.swift; sourceTree = "<group>"; };
		8405CCBEDED129DD31C31BA8 /* OGSLoginRouter.swift */ = {isa = PBXFileReference; fileEncoding = 4; lastKnownFileType = sourcecode.swift; path = OGSLoginRouter.swift; sourceTree = "<group>"; };
		8405CDF76C6E046EFBE5BCA7 /* OGSLoginModels.swift */ = {isa = PBXFileReference; fileEncoding = 4; lastKnownFileType = sourcecode.swift; path = OGSLoginModels.swift; sourceTree = "<group>"; };
		8405CF546D963204AC2350EC /* OGSLoginViewController.storyboard */ = {isa = PBXFileReference; lastKnownFileType = file.storyboard; path = OGSLoginViewController.storyboard; sourceTree = "<group>"; };
		8405CF5B5FD5BE2E3B1BFCDC /* Temp.swift */ = {isa = PBXFileReference; fileEncoding = 4; lastKnownFileType = sourcecode.swift; path = Temp.swift; sourceTree = "<group>"; };
		8405CFDC3572F74D8EBE0FBD /* OGSDiskManager.swift */ = {isa = PBXFileReference; fileEncoding = 4; lastKnownFileType = sourcecode.swift; path = OGSDiskManager.swift; sourceTree = "<group>"; };
		AD05A8FFF7774E8C78F4B5C4 /* UIColor+Additions.swift */ = {isa = PBXFileReference; fileEncoding = 4; lastKnownFileType = sourcecode.swift; path = "UIColor+Additions.swift"; sourceTree = "<group>"; };
		AF12002656677CCFB6D8EAF8 /* Pods_iosgo.framework */ = {isa = PBXFileReference; explicitFileType = wrapper.framework; includeInIndex = 0; path = Pods_iosgo.framework; sourceTree = BUILT_PRODUCTS_DIR; };
		F9EF09D63764B4EEF1D623C0 /* Pods_iosgoTests.framework */ = {isa = PBXFileReference; explicitFileType = wrapper.framework; includeInIndex = 0; path = Pods_iosgoTests.framework; sourceTree = BUILT_PRODUCTS_DIR; };
/* End PBXFileReference section */

/* Begin PBXFrameworksBuildPhase section */
		565D24681E54A5A500EF62CD /* Frameworks */ = {
			isa = PBXFrameworksBuildPhase;
			buildActionMask = 2147483647;
			files = (
				490D5ED58103542F7917F833 /* Pods_iosgo.framework in Frameworks */,
			);
			runOnlyForDeploymentPostprocessing = 0;
		};
		565D24821E54A5A500EF62CD /* Frameworks */ = {
			isa = PBXFrameworksBuildPhase;
			buildActionMask = 2147483647;
			files = (
				A81193961154CC5984C35A80 /* Pods_iosgoTests.framework in Frameworks */,
			);
			runOnlyForDeploymentPostprocessing = 0;
		};
/* End PBXFrameworksBuildPhase section */

/* Begin PBXGroup section */
		3176CD49A89C56C411571F86 /* Pods */ = {
			isa = PBXGroup;
			children = (
				3A3A74F5D326BE5E0E2D52ED /* Pods-iosgoTests.debug.xcconfig */,
				2F833FBBB73B7CCEE7D54A54 /* Pods-iosgoTests.release.xcconfig */,
				716E1A03A77525183735DD47 /* Pods-iosgo.debug.xcconfig */,
				01BA5FDBCD62AB45B53CC1A9 /* Pods-iosgo.release.xcconfig */,
			);
			name = Pods;
			sourceTree = "<group>";
		};
		565D24621E54A5A500EF62CD = {
			isa = PBXGroup;
			children = (
				565D246D1E54A5A500EF62CD /* iosgo */,
				56BD885D1E551C4C0098E50B /* Resource */,
				565D24881E54A5A500EF62CD /* iosgoTests */,
				565D246C1E54A5A500EF62CD /* Products */,
				3176CD49A89C56C411571F86 /* Pods */,
				E4DEFB86F4E965A3CC8D8761 /* Frameworks */,
			);
			sourceTree = "<group>";
		};
		565D246C1E54A5A500EF62CD /* Products */ = {
			isa = PBXGroup;
			children = (
				565D246B1E54A5A500EF62CD /* iosgo.app */,
				565D24851E54A5A500EF62CD /* iosgoTests.xctest */,
			);
			name = Products;
			sourceTree = "<group>";
		};
		565D246D1E54A5A500EF62CD /* iosgo */ = {
			isa = PBXGroup;
			children = (
				56BD888D1E5522530098E50B /* Components */,
				565D246E1E54A5A500EF62CD /* AppDelegate.swift */,
				565D24701E54A5A500EF62CD /* GameScene.sks */,
				565D24721E54A5A500EF62CD /* Actions.sks */,
				565D24741E54A5A500EF62CD /* GameScene.swift */,
				565D24761E54A5A500EF62CD /* GameViewController.swift */,
				565D24781E54A5A500EF62CD /* Main.storyboard */,
				565D247B1E54A5A500EF62CD /* Assets.xcassets */,
				565D247D1E54A5A500EF62CD /* LaunchScreen.storyboard */,
				565D24801E54A5A500EF62CD /* Info.plist */,
				AD05A9249FEBFC41418217D5 /* Additions */,
				8405CC7312AC75881BD6ADB1 /* Scenes */,
				8405CA6ED574B6A9F2DF0E71 /* Stores */,
				8405C84FB937A3E2F342CD24 /* Models */,
				8405C70C34A8FC953482040E /* OGSAppConfigurator.swift */,
				8405CFDC3572F74D8EBE0FBD /* OGSDiskManager.swift */,
			);
			path = iosgo;
			sourceTree = "<group>";
		};
		565D24881E54A5A500EF62CD /* iosgoTests */ = {
			isa = PBXGroup;
			children = (
				565D24891E54A5A500EF62CD /* iosgoTests.swift */,
				565D248B1E54A5A500EF62CD /* Info.plist */,
			);
			path = iosgoTests;
			sourceTree = "<group>";
		};
		56BD885D1E551C4C0098E50B /* Resource */ = {
			isa = PBXGroup;
			children = (
				56BD885E1E551C990098E50B /* Oswald-Bold.ttf */,
				56BD885F1E551C990098E50B /* Oswald-BoldItalic.ttf */,
				56BD88601E551C990098E50B /* Oswald-Demi-BoldItalic.ttf */,
				56BD88611E551C990098E50B /* Oswald-DemiBold.ttf */,
				56BD88621E551C990098E50B /* Oswald-Extra-LightItalic.ttf */,
				56BD88631E551C990098E50B /* Oswald-ExtraLight.ttf */,
				56BD88641E551C990098E50B /* Oswald-Heavy.ttf */,
				56BD88651E551C990098E50B /* Oswald-HeavyItalic.ttf */,
				56BD88661E551C990098E50B /* Oswald-Light.ttf */,
				56BD88671E551C990098E50B /* Oswald-LightItalic.ttf */,
				56BD88681E551C990098E50B /* Oswald-Medium.ttf */,
				56BD88691E551C990098E50B /* Oswald-MediumItalic.ttf */,
				56BD886A1E551C990098E50B /* Oswald-Regular.ttf */,
				56BD886B1E551C990098E50B /* Oswald-RegularItalic.ttf */,
				56BD886C1E551C990098E50B /* Oswald-Stencil.ttf */,
			);
			path = Resource;
			sourceTree = "<group>";
		};
		56BD888D1E5522530098E50B /* Components */ = {
			isa = PBXGroup;
			children = (
				56BD888E1E5522530098E50B /* OGSButton.swift */,
			);
			path = Components;
			sourceTree = "<group>";
		};
		8405C84FB937A3E2F342CD24 /* Models */ = {
			isa = PBXGroup;
			children = (
			);
			path = Models;
			sourceTree = "<group>";
		};
		8405CA6ED574B6A9F2DF0E71 /* Stores */ = {
			isa = PBXGroup;
			children = (
				8405CAD187F0510292BEF3BF /* OGSOauthApiStore.swift */,
				8405C1F1FF4673A8BCF00090 /* OGSOauthStoreProtocol.swift */,
				8405C86919E0281F0A8D34AA /* OGSApiManager.swift */,
			);
			path = Stores;
			sourceTree = "<group>";
		};
		8405CBDC2EBC9E1083363911 /* Login */ = {
			isa = PBXGroup;
			children = (
				8405CDF76C6E046EFBE5BCA7 /* OGSLoginModels.swift */,
				8405CCBEDED129DD31C31BA8 /* OGSLoginRouter.swift */,
				8405C28DF70477E87F3C32BB /* OGSLoginWorker.swift */,
				8405CA28D0B815E0BA8C2995 /* OGSLoginPresenter.swift */,
				8405C352FE0AD49BF149BB22 /* OGSLoginInteractor.swift */,
				8405C835964EBE64454849A1 /* OGSLoginConfigurator.swift */,
				8405C8F03743E98C9A565610 /* OGSLoginViewController.swift */,
				8405CF546D963204AC2350EC /* OGSLoginViewController.storyboard */,
			);
			path = Login;
			sourceTree = "<group>";
		};
		8405CC7312AC75881BD6ADB1 /* Scenes */ = {
			isa = PBXGroup;
			children = (
				8405CBDC2EBC9E1083363911 /* Login */,
			);
			path = Scenes;
			sourceTree = "<group>";
		};
		AD05A9249FEBFC41418217D5 /* Additions */ = {
			isa = PBXGroup;
			children = (
				AD05A8FFF7774E8C78F4B5C4 /* UIColor+Additions.swift */,
				8405CF5B5FD5BE2E3B1BFCDC /* Temp.swift */,
			);
			path = Additions;
			sourceTree = "<group>";
		};
		E4DEFB86F4E965A3CC8D8761 /* Frameworks */ = {
			isa = PBXGroup;
			children = (
				F9EF09D63764B4EEF1D623C0 /* Pods_iosgoTests.framework */,
				AF12002656677CCFB6D8EAF8 /* Pods_iosgo.framework */,
			);
			name = Frameworks;
			sourceTree = "<group>";
		};
/* End PBXGroup section */

/* Begin PBXNativeTarget section */
		565D246A1E54A5A500EF62CD /* iosgo */ = {
			isa = PBXNativeTarget;
			buildConfigurationList = 565D248E1E54A5A500EF62CD /* Build configuration list for PBXNativeTarget "iosgo" */;
			buildPhases = (
				5C71A4488DA7CD6CB648F4A2 /* [CP] Check Pods Manifest.lock */,
				565D24671E54A5A500EF62CD /* Sources */,
				565D24681E54A5A500EF62CD /* Frameworks */,
				565D24691E54A5A500EF62CD /* Resources */,
				AFAC39BA2DF55AB5A475C519 /* [CP] Embed Pods Frameworks */,
				A1B993FB11221535E3007908 /* [CP] Copy Pods Resources */,
			);
			buildRules = (
			);
			dependencies = (
			);
			name = iosgo;
			productName = iosgo;
			productReference = 565D246B1E54A5A500EF62CD /* iosgo.app */;
			productType = "com.apple.product-type.application";
		};
		565D24841E54A5A500EF62CD /* iosgoTests */ = {
			isa = PBXNativeTarget;
			buildConfigurationList = 565D24911E54A5A500EF62CD /* Build configuration list for PBXNativeTarget "iosgoTests" */;
			buildPhases = (
				481A4147511FF2F4E09781C0 /* [CP] Check Pods Manifest.lock */,
				565D24811E54A5A500EF62CD /* Sources */,
				565D24821E54A5A500EF62CD /* Frameworks */,
				565D24831E54A5A500EF62CD /* Resources */,
				DA8C4F860EC7F1B8ADD863FB /* [CP] Embed Pods Frameworks */,
				2102B4BD0236DE9E611DC11B /* [CP] Copy Pods Resources */,
			);
			buildRules = (
			);
			dependencies = (
				565D24871E54A5A500EF62CD /* PBXTargetDependency */,
			);
			name = iosgoTests;
			productName = iosgoTests;
			productReference = 565D24851E54A5A500EF62CD /* iosgoTests.xctest */;
			productType = "com.apple.product-type.bundle.unit-test";
		};
/* End PBXNativeTarget section */

/* Begin PBXProject section */
		565D24631E54A5A500EF62CD /* Project object */ = {
			isa = PBXProject;
			attributes = {
				LastSwiftUpdateCheck = 0820;
				LastUpgradeCheck = 0820;
				ORGANIZATIONNAME = Cheeseonhead;
				TargetAttributes = {
					565D246A1E54A5A500EF62CD = {
						CreatedOnToolsVersion = 8.2.1;
						DevelopmentTeam = 9QWSV3PV48;
						ProvisioningStyle = Automatic;
					};
					565D24841E54A5A500EF62CD = {
						CreatedOnToolsVersion = 8.2.1;
						DevelopmentTeam = R73WSN5T33;
						ProvisioningStyle = Automatic;
						TestTargetID = 565D246A1E54A5A500EF62CD;
					};
				};
			};
			buildConfigurationList = 565D24661E54A5A500EF62CD /* Build configuration list for PBXProject "iosgo" */;
			compatibilityVersion = "Xcode 3.2";
			developmentRegion = English;
			hasScannedForEncodings = 0;
			knownRegions = (
				en,
				Base,
			);
			mainGroup = 565D24621E54A5A500EF62CD;
			productRefGroup = 565D246C1E54A5A500EF62CD /* Products */;
			projectDirPath = "";
			projectRoot = "";
			targets = (
				565D246A1E54A5A500EF62CD /* iosgo */,
				565D24841E54A5A500EF62CD /* iosgoTests */,
			);
		};
/* End PBXProject section */

/* Begin PBXResourcesBuildPhase section */
		565D24691E54A5A500EF62CD /* Resources */ = {
			isa = PBXResourcesBuildPhase;
			buildActionMask = 2147483647;
			files = (
				565D247A1E54A5A500EF62CD /* Main.storyboard in Resources */,
				565D24711E54A5A500EF62CD /* GameScene.sks in Resources */,
				56BD88791E551C990098E50B /* Oswald-Regular.ttf in Resources */,
				56BD887A1E551C990098E50B /* Oswald-RegularItalic.ttf in Resources */,
				56BD887B1E551C990098E50B /* Oswald-Stencil.ttf in Resources */,
				56BD88701E551C990098E50B /* Oswald-DemiBold.ttf in Resources */,
				565D247C1E54A5A500EF62CD /* Assets.xcassets in Resources */,
				56BD88781E551C990098E50B /* Oswald-MediumItalic.ttf in Resources */,
				565D247F1E54A5A500EF62CD /* LaunchScreen.storyboard in Resources */,
				56BD88751E551C990098E50B /* Oswald-Light.ttf in Resources */,
				56BD88761E551C990098E50B /* Oswald-LightItalic.ttf in Resources */,
				56BD88711E551C990098E50B /* Oswald-Extra-LightItalic.ttf in Resources */,
				56BD886D1E551C990098E50B /* Oswald-Bold.ttf in Resources */,
				56BD88721E551C990098E50B /* Oswald-ExtraLight.ttf in Resources */,
				56BD886F1E551C990098E50B /* Oswald-Demi-BoldItalic.ttf in Resources */,
				565D24731E54A5A500EF62CD /* Actions.sks in Resources */,
				56BD886E1E551C990098E50B /* Oswald-BoldItalic.ttf in Resources */,
				56BD88741E551C990098E50B /* Oswald-HeavyItalic.ttf in Resources */,
				56BD88771E551C990098E50B /* Oswald-Medium.ttf in Resources */,
				56BD88731E551C990098E50B /* Oswald-Heavy.ttf in Resources */,
				8405C17C969AC4488D2E1025 /* OGSLoginViewController.storyboard in Resources */,
			);
			runOnlyForDeploymentPostprocessing = 0;
		};
		565D24831E54A5A500EF62CD /* Resources */ = {
			isa = PBXResourcesBuildPhase;
			buildActionMask = 2147483647;
			files = (
			);
			runOnlyForDeploymentPostprocessing = 0;
		};
/* End PBXResourcesBuildPhase section */

/* Begin PBXShellScriptBuildPhase section */
		2102B4BD0236DE9E611DC11B /* [CP] Copy Pods Resources */ = {
			isa = PBXShellScriptBuildPhase;
			buildActionMask = 2147483647;
			files = (
			);
			inputPaths = (
			);
			name = "[CP] Copy Pods Resources";
			outputPaths = (
			);
			runOnlyForDeploymentPostprocessing = 0;
			shellPath = /bin/sh;
			shellScript = "\"${SRCROOT}/Pods/Target Support Files/Pods-iosgoTests/Pods-iosgoTests-resources.sh\"\n";
			showEnvVarsInLog = 0;
		};
		481A4147511FF2F4E09781C0 /* [CP] Check Pods Manifest.lock */ = {
			isa = PBXShellScriptBuildPhase;
			buildActionMask = 2147483647;
			files = (
			);
			inputPaths = (
			);
			name = "[CP] Check Pods Manifest.lock";
			outputPaths = (
			);
			runOnlyForDeploymentPostprocessing = 0;
			shellPath = /bin/sh;
			shellScript = "diff \"${PODS_ROOT}/../Podfile.lock\" \"${PODS_ROOT}/Manifest.lock\" > /dev/null\nif [ $? != 0 ] ; then\n    # print error to STDERR\n    echo \"error: The sandbox is not in sync with the Podfile.lock. Run 'pod install' or update your CocoaPods installation.\" >&2\n    exit 1\nfi\n";
			showEnvVarsInLog = 0;
		};
		5C71A4488DA7CD6CB648F4A2 /* [CP] Check Pods Manifest.lock */ = {
			isa = PBXShellScriptBuildPhase;
			buildActionMask = 2147483647;
			files = (
			);
			inputPaths = (
			);
			name = "[CP] Check Pods Manifest.lock";
			outputPaths = (
			);
			runOnlyForDeploymentPostprocessing = 0;
			shellPath = /bin/sh;
			shellScript = "diff \"${PODS_ROOT}/../Podfile.lock\" \"${PODS_ROOT}/Manifest.lock\" > /dev/null\nif [ $? != 0 ] ; then\n    # print error to STDERR\n    echo \"error: The sandbox is not in sync with the Podfile.lock. Run 'pod install' or update your CocoaPods installation.\" >&2\n    exit 1\nfi\n";
			showEnvVarsInLog = 0;
		};
		A1B993FB11221535E3007908 /* [CP] Copy Pods Resources */ = {
			isa = PBXShellScriptBuildPhase;
			buildActionMask = 2147483647;
			files = (
			);
			inputPaths = (
			);
			name = "[CP] Copy Pods Resources";
			outputPaths = (
			);
			runOnlyForDeploymentPostprocessing = 0;
			shellPath = /bin/sh;
			shellScript = "\"${SRCROOT}/Pods/Target Support Files/Pods-iosgo/Pods-iosgo-resources.sh\"\n";
			showEnvVarsInLog = 0;
		};
		AFAC39BA2DF55AB5A475C519 /* [CP] Embed Pods Frameworks */ = {
			isa = PBXShellScriptBuildPhase;
			buildActionMask = 2147483647;
			files = (
			);
			inputPaths = (
			);
			name = "[CP] Embed Pods Frameworks";
			outputPaths = (
			);
			runOnlyForDeploymentPostprocessing = 0;
			shellPath = /bin/sh;
			shellScript = "\"${SRCROOT}/Pods/Target Support Files/Pods-iosgo/Pods-iosgo-frameworks.sh\"\n";
			showEnvVarsInLog = 0;
		};
		DA8C4F860EC7F1B8ADD863FB /* [CP] Embed Pods Frameworks */ = {
			isa = PBXShellScriptBuildPhase;
			buildActionMask = 2147483647;
			files = (
			);
			inputPaths = (
			);
			name = "[CP] Embed Pods Frameworks";
			outputPaths = (
			);
			runOnlyForDeploymentPostprocessing = 0;
			shellPath = /bin/sh;
			shellScript = "\"${SRCROOT}/Pods/Target Support Files/Pods-iosgoTests/Pods-iosgoTests-frameworks.sh\"\n";
			showEnvVarsInLog = 0;
		};
/* End PBXShellScriptBuildPhase section */

/* Begin PBXSourcesBuildPhase section */
		565D24671E54A5A500EF62CD /* Sources */ = {
			isa = PBXSourcesBuildPhase;
			buildActionMask = 2147483647;
			files = (
				565D24751E54A5A500EF62CD /* GameScene.swift in Sources */,
				56BD888F1E5522530098E50B /* OGSButton.swift in Sources */,
				565D24771E54A5A500EF62CD /* GameViewController.swift in Sources */,
				565D246F1E54A5A500EF62CD /* AppDelegate.swift in Sources */,
				AD05A98848DA928281D1EFE3 /* UIColor+Additions.swift in Sources */,
				8405C25052BE507C9469A9FE /* OGSLoginModels.swift in Sources */,
				8405CDE4965C7493BA13D163 /* OGSLoginRouter.swift in Sources */,
				8405C3C9E1790ACD829F597C /* OGSLoginWorker.swift in Sources */,
				8405CA6A133748D9049413CA /* OGSLoginPresenter.swift in Sources */,
				8405CA49BF8044F3F0B76F31 /* OGSLoginInteractor.swift in Sources */,
				8405CC0C6DBB4D5102EE60CF /* OGSLoginConfigurator.swift in Sources */,
				8405C6E5D3897A1BBF7653B2 /* OGSLoginViewController.swift in Sources */,
				8405C28F83F104CEC08F0244 /* OGSOauthApiStore.swift in Sources */,
				8405C770AEC788A09A99DC5D /* OGSOauthStoreProtocol.swift in Sources */,
				8405C07D0C32F31FC969AB9A /* OGSApiManager.swift in Sources */,
				8405CB5F7BAD2E27B9786979 /* Temp.swift in Sources */,
				8405C3EF4B45726E0EC70766 /* OGSAppConfigurator.swift in Sources */,
				8405C2F9E3BB909C3FB99D0D /* OGSDiskManager.swift in Sources */,
			);
			runOnlyForDeploymentPostprocessing = 0;
		};
		565D24811E54A5A500EF62CD /* Sources */ = {
			isa = PBXSourcesBuildPhase;
			buildActionMask = 2147483647;
			files = (
				565D248A1E54A5A500EF62CD /* iosgoTests.swift in Sources */,
			);
			runOnlyForDeploymentPostprocessing = 0;
		};
/* End PBXSourcesBuildPhase section */

/* Begin PBXTargetDependency section */
		565D24871E54A5A500EF62CD /* PBXTargetDependency */ = {
			isa = PBXTargetDependency;
			target = 565D246A1E54A5A500EF62CD /* iosgo */;
			targetProxy = 565D24861E54A5A500EF62CD /* PBXContainerItemProxy */;
		};
/* End PBXTargetDependency section */

/* Begin PBXVariantGroup section */
		565D24781E54A5A500EF62CD /* Main.storyboard */ = {
			isa = PBXVariantGroup;
			children = (
				565D24791E54A5A500EF62CD /* Base */,
			);
			name = Main.storyboard;
			sourceTree = "<group>";
		};
		565D247D1E54A5A500EF62CD /* LaunchScreen.storyboard */ = {
			isa = PBXVariantGroup;
			children = (
				565D247E1E54A5A500EF62CD /* Base */,
			);
			name = LaunchScreen.storyboard;
			sourceTree = "<group>";
		};
/* End PBXVariantGroup section */

/* Begin XCBuildConfiguration section */
		565D248C1E54A5A500EF62CD /* Debug */ = {
			isa = XCBuildConfiguration;
			buildSettings = {
				ALWAYS_SEARCH_USER_PATHS = NO;
				CLANG_ANALYZER_NONNULL = YES;
				CLANG_CXX_LANGUAGE_STANDARD = "gnu++0x";
				CLANG_CXX_LIBRARY = "libc++";
				CLANG_ENABLE_MODULES = YES;
				CLANG_ENABLE_OBJC_ARC = YES;
				CLANG_WARN_BOOL_CONVERSION = YES;
				CLANG_WARN_CONSTANT_CONVERSION = YES;
				CLANG_WARN_DIRECT_OBJC_ISA_USAGE = YES_ERROR;
				CLANG_WARN_DOCUMENTATION_COMMENTS = YES;
				CLANG_WARN_EMPTY_BODY = YES;
				CLANG_WARN_ENUM_CONVERSION = YES;
				CLANG_WARN_INFINITE_RECURSION = YES;
				CLANG_WARN_INT_CONVERSION = YES;
				CLANG_WARN_OBJC_ROOT_CLASS = YES_ERROR;
				CLANG_WARN_SUSPICIOUS_MOVE = YES;
				CLANG_WARN_UNREACHABLE_CODE = YES;
				CLANG_WARN__DUPLICATE_METHOD_MATCH = YES;
				"CODE_SIGN_IDENTITY[sdk=iphoneos*]" = "iPhone Developer";
				COPY_PHASE_STRIP = NO;
				DEBUG_INFORMATION_FORMAT = dwarf;
				ENABLE_STRICT_OBJC_MSGSEND = YES;
				ENABLE_TESTABILITY = YES;
				GCC_C_LANGUAGE_STANDARD = gnu99;
				GCC_DYNAMIC_NO_PIC = NO;
				GCC_NO_COMMON_BLOCKS = YES;
				GCC_OPTIMIZATION_LEVEL = 0;
				GCC_PREPROCESSOR_DEFINITIONS = (
					"DEBUG=1",
					"$(inherited)",
				);
				GCC_WARN_64_TO_32_BIT_CONVERSION = YES;
				GCC_WARN_ABOUT_RETURN_TYPE = YES_ERROR;
				GCC_WARN_UNDECLARED_SELECTOR = YES;
				GCC_WARN_UNINITIALIZED_AUTOS = YES_AGGRESSIVE;
				GCC_WARN_UNUSED_FUNCTION = YES;
				GCC_WARN_UNUSED_VARIABLE = YES;
				IPHONEOS_DEPLOYMENT_TARGET = 10.2;
				MTL_ENABLE_DEBUG_INFO = YES;
				ONLY_ACTIVE_ARCH = YES;
				SDKROOT = iphoneos;
				SWIFT_ACTIVE_COMPILATION_CONDITIONS = DEBUG;
				SWIFT_OPTIMIZATION_LEVEL = "-Onone";
				TARGETED_DEVICE_FAMILY = 2;
			};
			name = Debug;
		};
		565D248D1E54A5A500EF62CD /* Release */ = {
			isa = XCBuildConfiguration;
			buildSettings = {
				ALWAYS_SEARCH_USER_PATHS = NO;
				CLANG_ANALYZER_NONNULL = YES;
				CLANG_CXX_LANGUAGE_STANDARD = "gnu++0x";
				CLANG_CXX_LIBRARY = "libc++";
				CLANG_ENABLE_MODULES = YES;
				CLANG_ENABLE_OBJC_ARC = YES;
				CLANG_WARN_BOOL_CONVERSION = YES;
				CLANG_WARN_CONSTANT_CONVERSION = YES;
				CLANG_WARN_DIRECT_OBJC_ISA_USAGE = YES_ERROR;
				CLANG_WARN_DOCUMENTATION_COMMENTS = YES;
				CLANG_WARN_EMPTY_BODY = YES;
				CLANG_WARN_ENUM_CONVERSION = YES;
				CLANG_WARN_INFINITE_RECURSION = YES;
				CLANG_WARN_INT_CONVERSION = YES;
				CLANG_WARN_OBJC_ROOT_CLASS = YES_ERROR;
				CLANG_WARN_SUSPICIOUS_MOVE = YES;
				CLANG_WARN_UNREACHABLE_CODE = YES;
				CLANG_WARN__DUPLICATE_METHOD_MATCH = YES;
				"CODE_SIGN_IDENTITY[sdk=iphoneos*]" = "iPhone Developer";
				COPY_PHASE_STRIP = NO;
				DEBUG_INFORMATION_FORMAT = "dwarf-with-dsym";
				ENABLE_NS_ASSERTIONS = NO;
				ENABLE_STRICT_OBJC_MSGSEND = YES;
				GCC_C_LANGUAGE_STANDARD = gnu99;
				GCC_NO_COMMON_BLOCKS = YES;
				GCC_WARN_64_TO_32_BIT_CONVERSION = YES;
				GCC_WARN_ABOUT_RETURN_TYPE = YES_ERROR;
				GCC_WARN_UNDECLARED_SELECTOR = YES;
				GCC_WARN_UNINITIALIZED_AUTOS = YES_AGGRESSIVE;
				GCC_WARN_UNUSED_FUNCTION = YES;
				GCC_WARN_UNUSED_VARIABLE = YES;
				IPHONEOS_DEPLOYMENT_TARGET = 10.2;
				MTL_ENABLE_DEBUG_INFO = NO;
				SDKROOT = iphoneos;
				SWIFT_OPTIMIZATION_LEVEL = "-Owholemodule";
				TARGETED_DEVICE_FAMILY = 2;
				VALIDATE_PRODUCT = YES;
			};
			name = Release;
		};
		565D248F1E54A5A500EF62CD /* Debug */ = {
			isa = XCBuildConfiguration;
			baseConfigurationReference = 716E1A03A77525183735DD47 /* Pods-iosgo.debug.xcconfig */;
			buildSettings = {
				ASSETCATALOG_COMPILER_APPICON_NAME = AppIcon;
				DEVELOPMENT_TEAM = 9QWSV3PV48;
				INFOPLIST_FILE = iosgo/Info.plist;
				IPHONEOS_DEPLOYMENT_TARGET = 9.0;
				LD_RUNPATH_SEARCH_PATHS = "$(inherited) @executable_path/Frameworks";
				PRODUCT_BUNDLE_IDENTIFIER = com.cheeseonhead.iosgogame;
				PRODUCT_NAME = "$(TARGET_NAME)";
				SWIFT_VERSION = 3.0;
			};
			name = Debug;
		};
		565D24901E54A5A500EF62CD /* Release */ = {
			isa = XCBuildConfiguration;
			baseConfigurationReference = 01BA5FDBCD62AB45B53CC1A9 /* Pods-iosgo.release.xcconfig */;
			buildSettings = {
				ASSETCATALOG_COMPILER_APPICON_NAME = AppIcon;
				DEVELOPMENT_TEAM = 9QWSV3PV48;
				INFOPLIST_FILE = iosgo/Info.plist;
				IPHONEOS_DEPLOYMENT_TARGET = 9.0;
				LD_RUNPATH_SEARCH_PATHS = "$(inherited) @executable_path/Frameworks";
				PRODUCT_BUNDLE_IDENTIFIER = com.cheeseonhead.iosgogame;
				PRODUCT_NAME = "$(TARGET_NAME)";
				SWIFT_VERSION = 3.0;
			};
			name = Release;
		};
		565D24921E54A5A500EF62CD /* Debug */ = {
			isa = XCBuildConfiguration;
			baseConfigurationReference = 3A3A74F5D326BE5E0E2D52ED /* Pods-iosgoTests.debug.xcconfig */;
			buildSettings = {
				BUNDLE_LOADER = "$(TEST_HOST)";
				DEVELOPMENT_TEAM = R73WSN5T33;
				INFOPLIST_FILE = iosgoTests/Info.plist;
				LD_RUNPATH_SEARCH_PATHS = "$(inherited) @executable_path/Frameworks @loader_path/Frameworks";
				PRODUCT_BUNDLE_IDENTIFIER = com.cheeseonhead.iosgoTests;
				PRODUCT_NAME = "$(TARGET_NAME)";
				SWIFT_VERSION = 3.0;
				TEST_HOST = "$(BUILT_PRODUCTS_DIR)/iosgo.app/iosgo";
			};
			name = Debug;
		};
		565D24931E54A5A500EF62CD /* Release */ = {
			isa = XCBuildConfiguration;
			baseConfigurationReference = 2F833FBBB73B7CCEE7D54A54 /* Pods-iosgoTests.release.xcconfig */;
			buildSettings = {
				BUNDLE_LOADER = "$(TEST_HOST)";
				DEVELOPMENT_TEAM = R73WSN5T33;
				INFOPLIST_FILE = iosgoTests/Info.plist;
				LD_RUNPATH_SEARCH_PATHS = "$(inherited) @executable_path/Frameworks @loader_path/Frameworks";
				PRODUCT_BUNDLE_IDENTIFIER = com.cheeseonhead.iosgoTests;
				PRODUCT_NAME = "$(TARGET_NAME)";
				SWIFT_VERSION = 3.0;
				TEST_HOST = "$(BUILT_PRODUCTS_DIR)/iosgo.app/iosgo";
			};
			name = Release;
		};
/* End XCBuildConfiguration section */

/* Begin XCConfigurationList section */
		565D24661E54A5A500EF62CD /* Build configuration list for PBXProject "iosgo" */ = {
			isa = XCConfigurationList;
			buildConfigurations = (
				565D248C1E54A5A500EF62CD /* Debug */,
				565D248D1E54A5A500EF62CD /* Release */,
			);
			defaultConfigurationIsVisible = 0;
			defaultConfigurationName = Release;
		};
		565D248E1E54A5A500EF62CD /* Build configuration list for PBXNativeTarget "iosgo" */ = {
			isa = XCConfigurationList;
			buildConfigurations = (
				565D248F1E54A5A500EF62CD /* Debug */,
				565D24901E54A5A500EF62CD /* Release */,
			);
			defaultConfigurationIsVisible = 0;
			defaultConfigurationName = Release;
		};
		565D24911E54A5A500EF62CD /* Build configuration list for PBXNativeTarget "iosgoTests" */ = {
			isa = XCConfigurationList;
			buildConfigurations = (
				565D24921E54A5A500EF62CD /* Debug */,
				565D24931E54A5A500EF62CD /* Release */,
			);
			defaultConfigurationIsVisible = 0;
			defaultConfigurationName = Release;
		};
/* End XCConfigurationList section */
	};
	rootObject = 565D24631E54A5A500EF62CD /* Project object */;
}
