// !$*UTF8*$!
{
	archiveVersion = 1;
	classes = {
	};
	objectVersion = 46;
	objects = {

/* Begin PBXBuildFile section */
		3414A6FA1EF21B5800E28D6D /* StoneNodeFactory.swift in Sources */ = {isa = PBXBuildFile; fileRef = 3414A6F91EF21B5800E28D6D /* StoneNodeFactory.swift */; };
		3414A6FD1EF223BF00E28D6D /* StoneWorker.swift in Sources */ = {isa = PBXBuildFile; fileRef = 3414A6FC1EF223BF00E28D6D /* StoneWorker.swift */; };
		3414A7001EF22B6A00E28D6D /* CGFloat+Standardization.swift in Sources */ = {isa = PBXBuildFile; fileRef = 3414A6FF1EF22B6A00E28D6D /* CGFloat+Standardization.swift */; };
		34177CC31EEE4CF100DDDD2F /* StoneNode.swift in Sources */ = {isa = PBXBuildFile; fileRef = 34177CC21EEE4CF100DDDD2F /* StoneNode.swift */; };
		341856A51EFF62D300DAF3CF /* TimeControlParameters+Unboxable.swift in Sources */ = {isa = PBXBuildFile; fileRef = 341856A41EFF62D300DAF3CF /* TimeControlParameters+Unboxable.swift */; };
		341856A71EFF637B00DAF3CF /* OGSChallenge+Unboxable.swift in Sources */ = {isa = PBXBuildFile; fileRef = 341856A61EFF637B00DAF3CF /* OGSChallenge+Unboxable.swift */; };
		342EC8181EF8B70700C3A7E7 /* Game.swift in Sources */ = {isa = PBXBuildFile; fileRef = 342EC8171EF8B70700C3A7E7 /* Game.swift */; };
		342EC81A1EF8BC9B00C3A7E7 /* GameEnumerations.swift in Sources */ = {isa = PBXBuildFile; fileRef = 342EC8191EF8BC9B00C3A7E7 /* GameEnumerations.swift */; };
		34455DC71EFF75AE002199D0 /* UnboxFormatter+Dictionary.swift in Sources */ = {isa = PBXBuildFile; fileRef = 34455DC61EFF75AE002199D0 /* UnboxFormatter+Dictionary.swift */; };
		3464414D1EE4BA06008718D7 /* SplashConfigurator.swift in Sources */ = {isa = PBXBuildFile; fileRef = 346441471EE4BA06008718D7 /* SplashConfigurator.swift */; };
		3464414E1EE4BA06008718D7 /* SplashInteractor.swift in Sources */ = {isa = PBXBuildFile; fileRef = 346441481EE4BA06008718D7 /* SplashInteractor.swift */; };
		3464414F1EE4BA06008718D7 /* SplashModels.swift in Sources */ = {isa = PBXBuildFile; fileRef = 346441491EE4BA06008718D7 /* SplashModels.swift */; };
		346441501EE4BA06008718D7 /* SplashPresenter.swift in Sources */ = {isa = PBXBuildFile; fileRef = 3464414A1EE4BA06008718D7 /* SplashPresenter.swift */; };
		346441511EE4BA06008718D7 /* SplashRouter.swift in Sources */ = {isa = PBXBuildFile; fileRef = 3464414B1EE4BA06008718D7 /* SplashRouter.swift */; };
		346441521EE4BA06008718D7 /* SplashViewController.swift in Sources */ = {isa = PBXBuildFile; fileRef = 3464414C1EE4BA06008718D7 /* SplashViewController.swift */; };
		346441541EE4BDF6008718D7 /* Splash.storyboard in Resources */ = {isa = PBXBuildFile; fileRef = 346441531EE4BDF6008718D7 /* Splash.storyboard */; };
		346945331EF749DD004E3164 /* PlayWorker.swift in Sources */ = {isa = PBXBuildFile; fileRef = 346945321EF749DD004E3164 /* PlayWorker.swift */; };
		34934B761EF240320096D3C4 /* CGSize+Scalable.swift in Sources */ = {isa = PBXBuildFile; fileRef = 34934B751EF240320096D3C4 /* CGSize+Scalable.swift */; };
		34A2B55E1EEA4AD90074525B /* BoardScene.sks in Resources */ = {isa = PBXBuildFile; fileRef = 34A2B55D1EEA4AD90074525B /* BoardScene.sks */; };
		34A2B5A51EEBD46C0074525B /* GridNode.swift in Sources */ = {isa = PBXBuildFile; fileRef = 34A2B5A41EEBD46C0074525B /* GridNode.swift */; };
		34A2B5A91EEBDD500074525B /* Play.storyboard in Resources */ = {isa = PBXBuildFile; fileRef = 34A2B5A81EEBDD500074525B /* Play.storyboard */; };
		34ACC8AB1EEBDF7900F2B376 /* BoardScene.swift in Sources */ = {isa = PBXBuildFile; fileRef = 34ACC8AA1EEBDF7900F2B376 /* BoardScene.swift */; };
		34C3DDB21EFF2B41001C8AF4 /* TimeControlParametersType.swift in Sources */ = {isa = PBXBuildFile; fileRef = 34C3DDB11EFF2B41001C8AF4 /* TimeControlParametersType.swift */; };
		34C3DDB41EFF2B79001C8AF4 /* TimeControlParametersFormatter.swift in Sources */ = {isa = PBXBuildFile; fileRef = 34C3DDB31EFF2B79001C8AF4 /* TimeControlParametersFormatter.swift */; };
		34C3DDB61EFF2ED5001C8AF4 /* GameStore.swift in Sources */ = {isa = PBXBuildFile; fileRef = 34C3DDB51EFF2ED5001C8AF4 /* GameStore.swift */; };
		34DF468B1EFB5608009EC397 /* Game+Unboxable.swift in Sources */ = {isa = PBXBuildFile; fileRef = 34DF468A1EFB5608009EC397 /* Game+Unboxable.swift */; };
		34FEDDA71EFFF02F00EC1B5F /* PlayInteractor.swift in Sources */ = {isa = PBXBuildFile; fileRef = 34FEDDA21EFFF02F00EC1B5F /* PlayInteractor.swift */; };
		34FEDDA81EFFF02F00EC1B5F /* PlayModels.swift in Sources */ = {isa = PBXBuildFile; fileRef = 34FEDDA31EFFF02F00EC1B5F /* PlayModels.swift */; };
		34FEDDA91EFFF02F00EC1B5F /* PlayPresenter.swift in Sources */ = {isa = PBXBuildFile; fileRef = 34FEDDA41EFFF02F00EC1B5F /* PlayPresenter.swift */; };
		34FEDDAA1EFFF02F00EC1B5F /* PlayRouter.swift in Sources */ = {isa = PBXBuildFile; fileRef = 34FEDDA51EFFF02F00EC1B5F /* PlayRouter.swift */; };
		34FEDDAB1EFFF02F00EC1B5F /* PlayViewController.swift in Sources */ = {isa = PBXBuildFile; fileRef = 34FEDDA61EFFF02F00EC1B5F /* PlayViewController.swift */; };
		490D5ED58103542F7917F833 /* Pods_iosgo.framework in Frameworks */ = {isa = PBXBuildFile; fileRef = AF12002656677CCFB6D8EAF8 /* Pods_iosgo.framework */; };
		5612FD0E1E63C60B000B1973 /* OGSChooseGameConfigurator.swift in Sources */ = {isa = PBXBuildFile; fileRef = 5612FD081E63C60B000B1973 /* OGSChooseGameConfigurator.swift */; };
		5612FD0F1E63C60B000B1973 /* OGSChooseGameInteractor.swift in Sources */ = {isa = PBXBuildFile; fileRef = 5612FD091E63C60B000B1973 /* OGSChooseGameInteractor.swift */; };
		5612FD101E63C60B000B1973 /* OGSChooseGameModels.swift in Sources */ = {isa = PBXBuildFile; fileRef = 5612FD0A1E63C60B000B1973 /* OGSChooseGameModels.swift */; };
		5612FD111E63C60B000B1973 /* OGSChooseGamePresenter.swift in Sources */ = {isa = PBXBuildFile; fileRef = 5612FD0B1E63C60B000B1973 /* OGSChooseGamePresenter.swift */; };
		5612FD121E63C60B000B1973 /* OGSChooseGameRouter.swift in Sources */ = {isa = PBXBuildFile; fileRef = 5612FD0C1E63C60B000B1973 /* OGSChooseGameRouter.swift */; };
		5612FD131E63C60B000B1973 /* OGSChooseGameViewController.swift in Sources */ = {isa = PBXBuildFile; fileRef = 5612FD0D1E63C60B000B1973 /* OGSChooseGameViewController.swift */; };
		5645E91A1E679EAA00602FF5 /* OGSChooseGame.storyboard in Resources */ = {isa = PBXBuildFile; fileRef = 5645E9191E679EAA00602FF5 /* OGSChooseGame.storyboard */; };
		565D247A1E54A5A500EF62CD /* Main.storyboard in Resources */ = {isa = PBXBuildFile; fileRef = 565D24781E54A5A500EF62CD /* Main.storyboard */; };
		565D247C1E54A5A500EF62CD /* Assets.xcassets in Resources */ = {isa = PBXBuildFile; fileRef = 565D247B1E54A5A500EF62CD /* Assets.xcassets */; };
		565D247F1E54A5A500EF62CD /* LaunchScreen.storyboard in Resources */ = {isa = PBXBuildFile; fileRef = 565D247D1E54A5A500EF62CD /* LaunchScreen.storyboard */; };
		565D248A1E54A5A500EF62CD /* iosgoTests.swift in Sources */ = {isa = PBXBuildFile; fileRef = 565D24891E54A5A500EF62CD /* iosgoTests.swift */; };
		56BD886D1E551C990098E50B /* Oswald-Bold.ttf in Resources */ = {isa = PBXBuildFile; fileRef = 56BD885E1E551C990098E50B /* Oswald-Bold.ttf */; };
		56BD886E1E551C990098E50B /* Oswald-BoldItalic.ttf in Resources */ = {isa = PBXBuildFile; fileRef = 56BD885F1E551C990098E50B /* Oswald-BoldItalic.ttf */; };
		56BD886F1E551C990098E50B /* Oswald-Demi-BoldItalic.ttf in Resources */ = {isa = PBXBuildFile; fileRef = 56BD88601E551C990098E50B /* Oswald-Demi-BoldItalic.ttf */; };
		56BD88701E551C990098E50B /* Oswald-DemiBold.ttf in Resources */ = {isa = PBXBuildFile; fileRef = 56BD88611E551C990098E50B /* Oswald-DemiBold.ttf */; };
		56BD88711E551C990098E50B /* Oswald-Extra-LightItalic.ttf in Resources */ = {isa = PBXBuildFile; fileRef = 56BD88621E551C990098E50B /* Oswald-Extra-LightItalic.ttf */; };
		56BD88721E551C990098E50B /* Oswald-ExtraLight.ttf in Resources */ = {isa = PBXBuildFile; fileRef = 56BD88631E551C990098E50B /* Oswald-ExtraLight.ttf */; };
		56BD88731E551C990098E50B /* Oswald-Heavy.ttf in Resources */ = {isa = PBXBuildFile; fileRef = 56BD88641E551C990098E50B /* Oswald-Heavy.ttf */; };
		56BD88741E551C990098E50B /* Oswald-HeavyItalic.ttf in Resources */ = {isa = PBXBuildFile; fileRef = 56BD88651E551C990098E50B /* Oswald-HeavyItalic.ttf */; };
		56BD88751E551C990098E50B /* Oswald-Light.ttf in Resources */ = {isa = PBXBuildFile; fileRef = 56BD88661E551C990098E50B /* Oswald-Light.ttf */; };
		56BD88761E551C990098E50B /* Oswald-LightItalic.ttf in Resources */ = {isa = PBXBuildFile; fileRef = 56BD88671E551C990098E50B /* Oswald-LightItalic.ttf */; };
		56BD88771E551C990098E50B /* Oswald-Medium.ttf in Resources */ = {isa = PBXBuildFile; fileRef = 56BD88681E551C990098E50B /* Oswald-Medium.ttf */; };
		56BD88781E551C990098E50B /* Oswald-MediumItalic.ttf in Resources */ = {isa = PBXBuildFile; fileRef = 56BD88691E551C990098E50B /* Oswald-MediumItalic.ttf */; };
		56BD88791E551C990098E50B /* Oswald-Regular.ttf in Resources */ = {isa = PBXBuildFile; fileRef = 56BD886A1E551C990098E50B /* Oswald-Regular.ttf */; };
		56BD887A1E551C990098E50B /* Oswald-RegularItalic.ttf in Resources */ = {isa = PBXBuildFile; fileRef = 56BD886B1E551C990098E50B /* Oswald-RegularItalic.ttf */; };
		56BD887B1E551C990098E50B /* Oswald-Stencil.ttf in Resources */ = {isa = PBXBuildFile; fileRef = 56BD886C1E551C990098E50B /* Oswald-Stencil.ttf */; };
		56BD888F1E5522530098E50B /* OGSButton.swift in Sources */ = {isa = PBXBuildFile; fileRef = 56BD888E1E5522530098E50B /* OGSButton.swift */; };
		56FC0C071E9C62E500119D0C /* OGSChooseGameCollectionViewCell.xib in Resources */ = {isa = PBXBuildFile; fileRef = 56FC0C061E9C62E500119D0C /* OGSChooseGameCollectionViewCell.xib */; };
		56FC0C091E9C85F100119D0C /* OGSChooseGameCollectionViewCell.swift in Sources */ = {isa = PBXBuildFile; fileRef = 56FC0C081E9C85F100119D0C /* OGSChooseGameCollectionViewCell.swift */; };
		8405C06692E15B7D16D86610 /* OGSNotificationCenter.swift in Sources */ = {isa = PBXBuildFile; fileRef = 8405C2D09201FEEC8BA27848 /* OGSNotificationCenter.swift */; };
		8405C17C969AC4488D2E1025 /* OGSLoginViewController.storyboard in Resources */ = {isa = PBXBuildFile; fileRef = 8405CF546D963204AC2350EC /* OGSLoginViewController.storyboard */; };
		8405C19D66ABA58804962F72 /* OGSSessionController.swift in Sources */ = {isa = PBXBuildFile; fileRef = 8405CB4F2A3854F6078D1532 /* OGSSessionController.swift */; };
		8405C1BD724D953FE34DDC35 /* OGSSeekGraphSocketStore.swift in Sources */ = {isa = PBXBuildFile; fileRef = 8405CDF23994EB7077BA78B8 /* OGSSeekGraphSocketStore.swift */; };
		8405C25052BE507C9469A9FE /* OGSLoginModels.swift in Sources */ = {isa = PBXBuildFile; fileRef = 8405CDF76C6E046EFBE5BCA7 /* OGSLoginModels.swift */; };
		8405C33DABB22CF98928A07E /* OGSUserSettings.swift in Sources */ = {isa = PBXBuildFile; fileRef = 8405C7E803F0E983A087BF29 /* OGSUserSettings.swift */; };
		8405C3C9E1790ACD829F597C /* OGSLoginWorker.swift in Sources */ = {isa = PBXBuildFile; fileRef = 8405C28DF70477E87F3C32BB /* OGSLoginWorker.swift */; };
		8405C6E5D3897A1BBF7653B2 /* OGSLoginViewController.swift in Sources */ = {isa = PBXBuildFile; fileRef = 8405C8F03743E98C9A565610 /* OGSLoginViewController.swift */; };
		8405C95C6D25905BDEEB6F5C /* OGSBetaConfiguration.swift in Sources */ = {isa = PBXBuildFile; fileRef = 8405C16171C1170044A8637E /* OGSBetaConfiguration.swift */; };
		8405CA49BF8044F3F0B76F31 /* OGSLoginInteractor.swift in Sources */ = {isa = PBXBuildFile; fileRef = 8405C352FE0AD49BF149BB22 /* OGSLoginInteractor.swift */; };
		8405CA6A133748D9049413CA /* OGSLoginPresenter.swift in Sources */ = {isa = PBXBuildFile; fileRef = 8405CA28D0B815E0BA8C2995 /* OGSLoginPresenter.swift */; };
		8405CABBF4E7064889C38772 /* OGSApiStore.swift in Sources */ = {isa = PBXBuildFile; fileRef = 8405CCC46689EA8AB1CE3519 /* OGSApiStore.swift */; };
		8405CAFEE0C897EE31ED6865 /* OGSChallenge.swift in Sources */ = {isa = PBXBuildFile; fileRef = 8405C4C2A11D12F3BF6DA2D7 /* OGSChallenge.swift */; };
		8405CB5F7BAD2E27B9786979 /* Temp.swift in Sources */ = {isa = PBXBuildFile; fileRef = 8405CF5B5FD5BE2E3B1BFCDC /* Temp.swift */; };
		8405CC0C6DBB4D5102EE60CF /* OGSLoginConfigurator.swift in Sources */ = {isa = PBXBuildFile; fileRef = 8405C835964EBE64454849A1 /* OGSLoginConfigurator.swift */; };
		8405CD093E23DC1A0921DAA5 /* OGSConfigurationProtocol.swift in Sources */ = {isa = PBXBuildFile; fileRef = 8405CE5732ACA22D3DD45431 /* OGSConfigurationProtocol.swift */; };
		8405CDC2CCCFD39520FBEC6C /* OGSSession.swift in Sources */ = {isa = PBXBuildFile; fileRef = 8405C78D22DC4B4FB78797CA /* OGSSession.swift */; };
		8405CDE4965C7493BA13D163 /* OGSLoginRouter.swift in Sources */ = {isa = PBXBuildFile; fileRef = 8405CCBEDED129DD31C31BA8 /* OGSLoginRouter.swift */; };
		8405CEA1C88BF254C0A34A28 /* OGSOauthApiStore.swift in Sources */ = {isa = PBXBuildFile; fileRef = 8405CB3B6D134DFC861A3E6A /* OGSOauthApiStore.swift */; };
		8405CF0DBD2A4DAB0A3A30E7 /* OGSLoginInfo+Unboxable.swift in Sources */ = {isa = PBXBuildFile; fileRef = 8405C723D11B0D56D6CFDD08 /* OGSLoginInfo+Unboxable.swift */; };
		A81193961154CC5984C35A80 /* Pods_iosgoTests.framework in Frameworks */ = {isa = PBXBuildFile; fileRef = F9EF09D63764B4EEF1D623C0 /* Pods_iosgoTests.framework */; };
		AD05A00EC3EF1F09DFBC5597 /* Dictionary+Additions.swift in Sources */ = {isa = PBXBuildFile; fileRef = AD05A4CA7ABF3FBE7FB32749 /* Dictionary+Additions.swift */; };
		AD05A01B448899472AAD4DBE /* OGSUser.swift in Sources */ = {isa = PBXBuildFile; fileRef = AD05A619B90715ADEDAFC230 /* OGSUser.swift */; };
		AD05A0EE97BB7404C7897307 /* ChallengeStore.swift in Sources */ = {isa = PBXBuildFile; fileRef = AD05AF85A40E7F66F2217A8F /* ChallengeStore.swift */; };
		AD05A21671A192B337421704 /* String+Additions.swift in Sources */ = {isa = PBXBuildFile; fileRef = AD05A2B5931F24B08CD0F38B /* String+Additions.swift */; };
		AD05A2678BD4ECA68F40FE18 /* OGSProdConfiguration.swift in Sources */ = {isa = PBXBuildFile; fileRef = AD05A6E404C73D452A4B9148 /* OGSProdConfiguration.swift */; };
		AD05A664F189FAC228843217 /* OGSSeekGraphSocketStoreModels.swift in Sources */ = {isa = PBXBuildFile; fileRef = AD05AFB1DFE099131696928E /* OGSSeekGraphSocketStoreModels.swift */; };
		AD05A7E728E07F256A22C0DF /* OGSChooseGameCollectionViewController.swift in Sources */ = {isa = PBXBuildFile; fileRef = AD05ABC463A960E74C9B2CA0 /* OGSChooseGameCollectionViewController.swift */; };
		AD05A80C3174620434A3BF39 /* OGSLoginInfo.swift in Sources */ = {isa = PBXBuildFile; fileRef = AD05A6342D59CC3E80B17996 /* OGSLoginInfo.swift */; };
		AD05A8548F5F603C37C45C57 /* OGSAppConfigurator.swift in Sources */ = {isa = PBXBuildFile; fileRef = AD05AF6C8740956A2DA7A847 /* OGSAppConfigurator.swift */; };
		AD05A98848DA928281D1EFE3 /* UIColor+Additions.swift in Sources */ = {isa = PBXBuildFile; fileRef = AD05A8FFF7774E8C78F4B5C4 /* UIColor+Additions.swift */; };
		AD05A9F1111278A031FEA546 /* ChallengeWorker.swift in Sources */ = {isa = PBXBuildFile; fileRef = AD05AD1DB62CA191F038171D /* ChallengeWorker.swift */; };
		AD05AB67C74B02B834E8CFA8 /* OGSMeStore.swift in Sources */ = {isa = PBXBuildFile; fileRef = AD05A640228B6DCB613DE7BA /* OGSMeStore.swift */; };
		AD05ABE155BC1FDEA29394EF /* OGSSocketManager.swift in Sources */ = {isa = PBXBuildFile; fileRef = AD05ADFB7AF57B9E129EBAFC /* OGSSocketManager.swift */; };
		AD05ADA1EA08A794B27AD4DB /* OGSSessionWorker.swift in Sources */ = {isa = PBXBuildFile; fileRef = AD05AD7F65C8CB89B123BE4D /* OGSSessionWorker.swift */; };
		AD05ADCD7A6778EA6AAF16D7 /* OGSRootViewControllerTransition.swift in Sources */ = {isa = PBXBuildFile; fileRef = AD05A6413FABA7AABBEEC6FA /* OGSRootViewControllerTransition.swift */; };
		AD05AE59A5BF1697CECE11D9 /* OGSUser+Unboxable.swift in Sources */ = {isa = PBXBuildFile; fileRef = AD05AAF6F23605943C8B4799 /* OGSUser+Unboxable.swift */; };
		AD05AE7444BF09E5E49DE6ED /* OGSSocketManagerTypes.swift in Sources */ = {isa = PBXBuildFile; fileRef = AD05A7F90F265AA6604A16CB /* OGSSocketManagerTypes.swift */; };
		AD05AE74C92DA8328A33761F /* OGSDiskManager.swift in Sources */ = {isa = PBXBuildFile; fileRef = AD05ABBB3826AA77B8B017A3 /* OGSDiskManager.swift */; };
		AD05AE8F87A1E735676D8715 /* OGSRootViewControllerWorker.swift in Sources */ = {isa = PBXBuildFile; fileRef = AD05AC0F9046A97D43794663 /* OGSRootViewControllerWorker.swift */; };
		AD05AF2B9222BE964C87EC8D /* OGSAppDelegate.swift in Sources */ = {isa = PBXBuildFile; fileRef = AD05A9ECDDD9E6ED45019693 /* OGSAppDelegate.swift */; };
		AD05AF37C68CBA22A3DC256C /* OGSDispatcher.swift in Sources */ = {isa = PBXBuildFile; fileRef = AD05A8CBB6DCEBEA0F2DBE28 /* OGSDispatcher.swift */; };
		AD05AFC36181FFE0C0DB7889 /* OGSChooseGameListGamesWorker.swift in Sources */ = {isa = PBXBuildFile; fileRef = AD05AE9600B34B78B76D3181 /* OGSChooseGameListGamesWorker.swift */; };
/* End PBXBuildFile section */

/* Begin PBXContainerItemProxy section */
		565D24861E54A5A500EF62CD /* PBXContainerItemProxy */ = {
			isa = PBXContainerItemProxy;
			containerPortal = 565D24631E54A5A500EF62CD /* Project object */;
			proxyType = 1;
			remoteGlobalIDString = 565D246A1E54A5A500EF62CD;
			remoteInfo = iosgo;
		};
/* End PBXContainerItemProxy section */

/* Begin PBXFileReference section */
		01BA5FDBCD62AB45B53CC1A9 /* Pods-iosgo.release.xcconfig */ = {isa = PBXFileReference; includeInIndex = 1; lastKnownFileType = text.xcconfig; name = "Pods-iosgo.release.xcconfig"; path = "Pods/Target Support Files/Pods-iosgo/Pods-iosgo.release.xcconfig"; sourceTree = "<group>"; };
		2F833FBBB73B7CCEE7D54A54 /* Pods-iosgoTests.release.xcconfig */ = {isa = PBXFileReference; includeInIndex = 1; lastKnownFileType = text.xcconfig; name = "Pods-iosgoTests.release.xcconfig"; path = "Pods/Target Support Files/Pods-iosgoTests/Pods-iosgoTests.release.xcconfig"; sourceTree = "<group>"; };
		3414A6F91EF21B5800E28D6D /* StoneNodeFactory.swift */ = {isa = PBXFileReference; lastKnownFileType = sourcecode.swift; path = StoneNodeFactory.swift; sourceTree = "<group>"; };
		3414A6FC1EF223BF00E28D6D /* StoneWorker.swift */ = {isa = PBXFileReference; lastKnownFileType = sourcecode.swift; path = StoneWorker.swift; sourceTree = "<group>"; };
		3414A6FF1EF22B6A00E28D6D /* CGFloat+Standardization.swift */ = {isa = PBXFileReference; lastKnownFileType = sourcecode.swift; path = "CGFloat+Standardization.swift"; sourceTree = "<group>"; };
		34177CC21EEE4CF100DDDD2F /* StoneNode.swift */ = {isa = PBXFileReference; lastKnownFileType = sourcecode.swift; path = StoneNode.swift; sourceTree = "<group>"; };
		341856A41EFF62D300DAF3CF /* TimeControlParameters+Unboxable.swift */ = {isa = PBXFileReference; lastKnownFileType = sourcecode.swift; path = "TimeControlParameters+Unboxable.swift"; sourceTree = "<group>"; };
		341856A61EFF637B00DAF3CF /* OGSChallenge+Unboxable.swift */ = {isa = PBXFileReference; lastKnownFileType = sourcecode.swift; path = "OGSChallenge+Unboxable.swift"; sourceTree = "<group>"; };
		342EC8171EF8B70700C3A7E7 /* Game.swift */ = {isa = PBXFileReference; lastKnownFileType = sourcecode.swift; path = Game.swift; sourceTree = "<group>"; };
		342EC8191EF8BC9B00C3A7E7 /* GameEnumerations.swift */ = {isa = PBXFileReference; lastKnownFileType = sourcecode.swift; path = GameEnumerations.swift; sourceTree = "<group>"; };
		34455DC61EFF75AE002199D0 /* UnboxFormatter+Dictionary.swift */ = {isa = PBXFileReference; lastKnownFileType = sourcecode.swift; path = "UnboxFormatter+Dictionary.swift"; sourceTree = "<group>"; };
		346441471EE4BA06008718D7 /* SplashConfigurator.swift */ = {isa = PBXFileReference; fileEncoding = 4; lastKnownFileType = sourcecode.swift; path = SplashConfigurator.swift; sourceTree = "<group>"; };
		346441481EE4BA06008718D7 /* SplashInteractor.swift */ = {isa = PBXFileReference; fileEncoding = 4; lastKnownFileType = sourcecode.swift; path = SplashInteractor.swift; sourceTree = "<group>"; };
		346441491EE4BA06008718D7 /* SplashModels.swift */ = {isa = PBXFileReference; fileEncoding = 4; lastKnownFileType = sourcecode.swift; path = SplashModels.swift; sourceTree = "<group>"; };
		3464414A1EE4BA06008718D7 /* SplashPresenter.swift */ = {isa = PBXFileReference; fileEncoding = 4; lastKnownFileType = sourcecode.swift; path = SplashPresenter.swift; sourceTree = "<group>"; };
		3464414B1EE4BA06008718D7 /* SplashRouter.swift */ = {isa = PBXFileReference; fileEncoding = 4; lastKnownFileType = sourcecode.swift; path = SplashRouter.swift; sourceTree = "<group>"; };
		3464414C1EE4BA06008718D7 /* SplashViewController.swift */ = {isa = PBXFileReference; fileEncoding = 4; lastKnownFileType = sourcecode.swift; path = SplashViewController.swift; sourceTree = "<group>"; };
		346441531EE4BDF6008718D7 /* Splash.storyboard */ = {isa = PBXFileReference; fileEncoding = 4; lastKnownFileType = file.storyboard; path = Splash.storyboard; sourceTree = "<group>"; };
		346945321EF749DD004E3164 /* PlayWorker.swift */ = {isa = PBXFileReference; lastKnownFileType = sourcecode.swift; path = PlayWorker.swift; sourceTree = "<group>"; };
		34934B751EF240320096D3C4 /* CGSize+Scalable.swift */ = {isa = PBXFileReference; lastKnownFileType = sourcecode.swift; path = "CGSize+Scalable.swift"; sourceTree = "<group>"; };
		34A2B55D1EEA4AD90074525B /* BoardScene.sks */ = {isa = PBXFileReference; lastKnownFileType = file.sks; path = BoardScene.sks; sourceTree = "<group>"; };
		34A2B5A41EEBD46C0074525B /* GridNode.swift */ = {isa = PBXFileReference; lastKnownFileType = sourcecode.swift; path = GridNode.swift; sourceTree = "<group>"; };
		34A2B5A81EEBDD500074525B /* Play.storyboard */ = {isa = PBXFileReference; lastKnownFileType = file.storyboard; path = Play.storyboard; sourceTree = "<group>"; };
		34ACC8AA1EEBDF7900F2B376 /* BoardScene.swift */ = {isa = PBXFileReference; lastKnownFileType = sourcecode.swift; path = BoardScene.swift; sourceTree = "<group>"; };
		34C3DDB11EFF2B41001C8AF4 /* TimeControlParametersType.swift */ = {isa = PBXFileReference; lastKnownFileType = sourcecode.swift; path = TimeControlParametersType.swift; sourceTree = "<group>"; };
		34C3DDB31EFF2B79001C8AF4 /* TimeControlParametersFormatter.swift */ = {isa = PBXFileReference; lastKnownFileType = sourcecode.swift; path = TimeControlParametersFormatter.swift; sourceTree = "<group>"; };
		34C3DDB51EFF2ED5001C8AF4 /* GameStore.swift */ = {isa = PBXFileReference; lastKnownFileType = sourcecode.swift; path = GameStore.swift; sourceTree = "<group>"; };
		34DF468A1EFB5608009EC397 /* Game+Unboxable.swift */ = {isa = PBXFileReference; lastKnownFileType = sourcecode.swift; path = "Game+Unboxable.swift"; sourceTree = "<group>"; };
		34FEDDA21EFFF02F00EC1B5F /* PlayInteractor.swift */ = {isa = PBXFileReference; lastKnownFileType = sourcecode.swift; path = PlayInteractor.swift; sourceTree = "<group>"; };
		34FEDDA31EFFF02F00EC1B5F /* PlayModels.swift */ = {isa = PBXFileReference; lastKnownFileType = sourcecode.swift; path = PlayModels.swift; sourceTree = "<group>"; };
		34FEDDA41EFFF02F00EC1B5F /* PlayPresenter.swift */ = {isa = PBXFileReference; lastKnownFileType = sourcecode.swift; path = PlayPresenter.swift; sourceTree = "<group>"; };
		34FEDDA51EFFF02F00EC1B5F /* PlayRouter.swift */ = {isa = PBXFileReference; lastKnownFileType = sourcecode.swift; path = PlayRouter.swift; sourceTree = "<group>"; };
		34FEDDA61EFFF02F00EC1B5F /* PlayViewController.swift */ = {isa = PBXFileReference; lastKnownFileType = sourcecode.swift; path = PlayViewController.swift; sourceTree = "<group>"; };
		3A3A74F5D326BE5E0E2D52ED /* Pods-iosgoTests.debug.xcconfig */ = {isa = PBXFileReference; includeInIndex = 1; lastKnownFileType = text.xcconfig; name = "Pods-iosgoTests.debug.xcconfig"; path = "Pods/Target Support Files/Pods-iosgoTests/Pods-iosgoTests.debug.xcconfig"; sourceTree = "<group>"; };
		5612FD081E63C60B000B1973 /* OGSChooseGameConfigurator.swift */ = {isa = PBXFileReference; fileEncoding = 4; lastKnownFileType = sourcecode.swift; path = OGSChooseGameConfigurator.swift; sourceTree = "<group>"; };
		5612FD091E63C60B000B1973 /* OGSChooseGameInteractor.swift */ = {isa = PBXFileReference; fileEncoding = 4; lastKnownFileType = sourcecode.swift; path = OGSChooseGameInteractor.swift; sourceTree = "<group>"; };
		5612FD0A1E63C60B000B1973 /* OGSChooseGameModels.swift */ = {isa = PBXFileReference; fileEncoding = 4; lastKnownFileType = sourcecode.swift; path = OGSChooseGameModels.swift; sourceTree = "<group>"; };
		5612FD0B1E63C60B000B1973 /* OGSChooseGamePresenter.swift */ = {isa = PBXFileReference; fileEncoding = 4; lastKnownFileType = sourcecode.swift; path = OGSChooseGamePresenter.swift; sourceTree = "<group>"; };
		5612FD0C1E63C60B000B1973 /* OGSChooseGameRouter.swift */ = {isa = PBXFileReference; fileEncoding = 4; lastKnownFileType = sourcecode.swift; path = OGSChooseGameRouter.swift; sourceTree = "<group>"; };
		5612FD0D1E63C60B000B1973 /* OGSChooseGameViewController.swift */ = {isa = PBXFileReference; fileEncoding = 4; lastKnownFileType = sourcecode.swift; path = OGSChooseGameViewController.swift; sourceTree = "<group>"; };
		5645E9191E679EAA00602FF5 /* OGSChooseGame.storyboard */ = {isa = PBXFileReference; fileEncoding = 4; lastKnownFileType = file.storyboard; path = OGSChooseGame.storyboard; sourceTree = "<group>"; };
		565D246B1E54A5A500EF62CD /* iosgo.app */ = {isa = PBXFileReference; explicitFileType = wrapper.application; includeInIndex = 0; path = iosgo.app; sourceTree = BUILT_PRODUCTS_DIR; };
		565D24791E54A5A500EF62CD /* Base */ = {isa = PBXFileReference; lastKnownFileType = file.storyboard; name = Base; path = Base.lproj/Main.storyboard; sourceTree = "<group>"; };
		565D247B1E54A5A500EF62CD /* Assets.xcassets */ = {isa = PBXFileReference; lastKnownFileType = folder.assetcatalog; path = Assets.xcassets; sourceTree = "<group>"; };
		565D247E1E54A5A500EF62CD /* Base */ = {isa = PBXFileReference; lastKnownFileType = file.storyboard; name = Base; path = Base.lproj/LaunchScreen.storyboard; sourceTree = "<group>"; };
		565D24801E54A5A500EF62CD /* Info.plist */ = {isa = PBXFileReference; lastKnownFileType = text.plist.xml; path = Info.plist; sourceTree = "<group>"; };
		565D24851E54A5A500EF62CD /* iosgoTests.xctest */ = {isa = PBXFileReference; explicitFileType = wrapper.cfbundle; includeInIndex = 0; path = iosgoTests.xctest; sourceTree = BUILT_PRODUCTS_DIR; };
		565D24891E54A5A500EF62CD /* iosgoTests.swift */ = {isa = PBXFileReference; lastKnownFileType = sourcecode.swift; path = iosgoTests.swift; sourceTree = "<group>"; };
		565D248B1E54A5A500EF62CD /* Info.plist */ = {isa = PBXFileReference; lastKnownFileType = text.plist.xml; path = Info.plist; sourceTree = "<group>"; };
		56BD885E1E551C990098E50B /* Oswald-Bold.ttf */ = {isa = PBXFileReference; lastKnownFileType = file; path = "Oswald-Bold.ttf"; sourceTree = "<group>"; };
		56BD885F1E551C990098E50B /* Oswald-BoldItalic.ttf */ = {isa = PBXFileReference; lastKnownFileType = file; path = "Oswald-BoldItalic.ttf"; sourceTree = "<group>"; };
		56BD88601E551C990098E50B /* Oswald-Demi-BoldItalic.ttf */ = {isa = PBXFileReference; lastKnownFileType = file; path = "Oswald-Demi-BoldItalic.ttf"; sourceTree = "<group>"; };
		56BD88611E551C990098E50B /* Oswald-DemiBold.ttf */ = {isa = PBXFileReference; lastKnownFileType = file; path = "Oswald-DemiBold.ttf"; sourceTree = "<group>"; };
		56BD88621E551C990098E50B /* Oswald-Extra-LightItalic.ttf */ = {isa = PBXFileReference; lastKnownFileType = file; path = "Oswald-Extra-LightItalic.ttf"; sourceTree = "<group>"; };
		56BD88631E551C990098E50B /* Oswald-ExtraLight.ttf */ = {isa = PBXFileReference; lastKnownFileType = file; path = "Oswald-ExtraLight.ttf"; sourceTree = "<group>"; };
		56BD88641E551C990098E50B /* Oswald-Heavy.ttf */ = {isa = PBXFileReference; lastKnownFileType = file; path = "Oswald-Heavy.ttf"; sourceTree = "<group>"; };
		56BD88651E551C990098E50B /* Oswald-HeavyItalic.ttf */ = {isa = PBXFileReference; lastKnownFileType = file; path = "Oswald-HeavyItalic.ttf"; sourceTree = "<group>"; };
		56BD88661E551C990098E50B /* Oswald-Light.ttf */ = {isa = PBXFileReference; lastKnownFileType = file; path = "Oswald-Light.ttf"; sourceTree = "<group>"; };
		56BD88671E551C990098E50B /* Oswald-LightItalic.ttf */ = {isa = PBXFileReference; lastKnownFileType = file; path = "Oswald-LightItalic.ttf"; sourceTree = "<group>"; };
		56BD88681E551C990098E50B /* Oswald-Medium.ttf */ = {isa = PBXFileReference; lastKnownFileType = file; path = "Oswald-Medium.ttf"; sourceTree = "<group>"; };
		56BD88691E551C990098E50B /* Oswald-MediumItalic.ttf */ = {isa = PBXFileReference; lastKnownFileType = file; path = "Oswald-MediumItalic.ttf"; sourceTree = "<group>"; };
		56BD886A1E551C990098E50B /* Oswald-Regular.ttf */ = {isa = PBXFileReference; lastKnownFileType = file; path = "Oswald-Regular.ttf"; sourceTree = "<group>"; };
		56BD886B1E551C990098E50B /* Oswald-RegularItalic.ttf */ = {isa = PBXFileReference; lastKnownFileType = file; path = "Oswald-RegularItalic.ttf"; sourceTree = "<group>"; };
		56BD886C1E551C990098E50B /* Oswald-Stencil.ttf */ = {isa = PBXFileReference; lastKnownFileType = file; path = "Oswald-Stencil.ttf"; sourceTree = "<group>"; };
		56BD888E1E5522530098E50B /* OGSButton.swift */ = {isa = PBXFileReference; fileEncoding = 4; lastKnownFileType = sourcecode.swift; path = OGSButton.swift; sourceTree = "<group>"; };
		56FC0C061E9C62E500119D0C /* OGSChooseGameCollectionViewCell.xib */ = {isa = PBXFileReference; fileEncoding = 4; lastKnownFileType = file.xib; path = OGSChooseGameCollectionViewCell.xib; sourceTree = "<group>"; };
		56FC0C081E9C85F100119D0C /* OGSChooseGameCollectionViewCell.swift */ = {isa = PBXFileReference; fileEncoding = 4; lastKnownFileType = sourcecode.swift; path = OGSChooseGameCollectionViewCell.swift; sourceTree = "<group>"; };
		716E1A03A77525183735DD47 /* Pods-iosgo.debug.xcconfig */ = {isa = PBXFileReference; includeInIndex = 1; lastKnownFileType = text.xcconfig; name = "Pods-iosgo.debug.xcconfig"; path = "Pods/Target Support Files/Pods-iosgo/Pods-iosgo.debug.xcconfig"; sourceTree = "<group>"; };
		8405C16171C1170044A8637E /* OGSBetaConfiguration.swift */ = {isa = PBXFileReference; fileEncoding = 4; lastKnownFileType = sourcecode.swift; path = OGSBetaConfiguration.swift; sourceTree = "<group>"; };
		8405C28DF70477E87F3C32BB /* OGSLoginWorker.swift */ = {isa = PBXFileReference; fileEncoding = 4; lastKnownFileType = sourcecode.swift; path = OGSLoginWorker.swift; sourceTree = "<group>"; };
		8405C2D09201FEEC8BA27848 /* OGSNotificationCenter.swift */ = {isa = PBXFileReference; fileEncoding = 4; lastKnownFileType = sourcecode.swift; path = OGSNotificationCenter.swift; sourceTree = "<group>"; };
		8405C352FE0AD49BF149BB22 /* OGSLoginInteractor.swift */ = {isa = PBXFileReference; fileEncoding = 4; lastKnownFileType = sourcecode.swift; path = OGSLoginInteractor.swift; sourceTree = "<group>"; };
		8405C4C2A11D12F3BF6DA2D7 /* OGSChallenge.swift */ = {isa = PBXFileReference; fileEncoding = 4; lastKnownFileType = sourcecode.swift; path = OGSChallenge.swift; sourceTree = "<group>"; };
		8405C723D11B0D56D6CFDD08 /* OGSLoginInfo+Unboxable.swift */ = {isa = PBXFileReference; fileEncoding = 4; lastKnownFileType = sourcecode.swift; path = "OGSLoginInfo+Unboxable.swift"; sourceTree = "<group>"; };
		8405C78D22DC4B4FB78797CA /* OGSSession.swift */ = {isa = PBXFileReference; fileEncoding = 4; lastKnownFileType = sourcecode.swift; path = OGSSession.swift; sourceTree = "<group>"; };
		8405C7E803F0E983A087BF29 /* OGSUserSettings.swift */ = {isa = PBXFileReference; fileEncoding = 4; lastKnownFileType = sourcecode.swift; path = OGSUserSettings.swift; sourceTree = "<group>"; };
		8405C835964EBE64454849A1 /* OGSLoginConfigurator.swift */ = {isa = PBXFileReference; fileEncoding = 4; lastKnownFileType = sourcecode.swift; path = OGSLoginConfigurator.swift; sourceTree = "<group>"; };
		8405C8F03743E98C9A565610 /* OGSLoginViewController.swift */ = {isa = PBXFileReference; fileEncoding = 4; lastKnownFileType = sourcecode.swift; path = OGSLoginViewController.swift; sourceTree = "<group>"; };
		8405CA28D0B815E0BA8C2995 /* OGSLoginPresenter.swift */ = {isa = PBXFileReference; fileEncoding = 4; lastKnownFileType = sourcecode.swift; path = OGSLoginPresenter.swift; sourceTree = "<group>"; };
		8405CB3B6D134DFC861A3E6A /* OGSOauthApiStore.swift */ = {isa = PBXFileReference; fileEncoding = 4; lastKnownFileType = sourcecode.swift; path = OGSOauthApiStore.swift; sourceTree = "<group>"; };
		8405CB4F2A3854F6078D1532 /* OGSSessionController.swift */ = {isa = PBXFileReference; fileEncoding = 4; lastKnownFileType = sourcecode.swift; path = OGSSessionController.swift; sourceTree = "<group>"; };
		8405CCBEDED129DD31C31BA8 /* OGSLoginRouter.swift */ = {isa = PBXFileReference; fileEncoding = 4; lastKnownFileType = sourcecode.swift; path = OGSLoginRouter.swift; sourceTree = "<group>"; };
		8405CCC46689EA8AB1CE3519 /* OGSApiStore.swift */ = {isa = PBXFileReference; fileEncoding = 4; lastKnownFileType = sourcecode.swift; path = OGSApiStore.swift; sourceTree = "<group>"; };
		8405CDF23994EB7077BA78B8 /* OGSSeekGraphSocketStore.swift */ = {isa = PBXFileReference; fileEncoding = 4; lastKnownFileType = sourcecode.swift; path = OGSSeekGraphSocketStore.swift; sourceTree = "<group>"; };
		8405CDF76C6E046EFBE5BCA7 /* OGSLoginModels.swift */ = {isa = PBXFileReference; fileEncoding = 4; lastKnownFileType = sourcecode.swift; path = OGSLoginModels.swift; sourceTree = "<group>"; };
		8405CE5732ACA22D3DD45431 /* OGSConfigurationProtocol.swift */ = {isa = PBXFileReference; fileEncoding = 4; lastKnownFileType = sourcecode.swift; path = OGSConfigurationProtocol.swift; sourceTree = "<group>"; };
		8405CF546D963204AC2350EC /* OGSLoginViewController.storyboard */ = {isa = PBXFileReference; lastKnownFileType = file.storyboard; path = OGSLoginViewController.storyboard; sourceTree = "<group>"; };
		8405CF5B5FD5BE2E3B1BFCDC /* Temp.swift */ = {isa = PBXFileReference; fileEncoding = 4; lastKnownFileType = sourcecode.swift; path = Temp.swift; sourceTree = "<group>"; };
		AD05A2B5931F24B08CD0F38B /* String+Additions.swift */ = {isa = PBXFileReference; fileEncoding = 4; lastKnownFileType = sourcecode.swift; path = "String+Additions.swift"; sourceTree = "<group>"; };
		AD05A4CA7ABF3FBE7FB32749 /* Dictionary+Additions.swift */ = {isa = PBXFileReference; fileEncoding = 4; lastKnownFileType = sourcecode.swift; path = "Dictionary+Additions.swift"; sourceTree = "<group>"; };
		AD05A619B90715ADEDAFC230 /* OGSUser.swift */ = {isa = PBXFileReference; fileEncoding = 4; lastKnownFileType = sourcecode.swift; path = OGSUser.swift; sourceTree = "<group>"; };
		AD05A6342D59CC3E80B17996 /* OGSLoginInfo.swift */ = {isa = PBXFileReference; fileEncoding = 4; lastKnownFileType = sourcecode.swift; path = OGSLoginInfo.swift; sourceTree = "<group>"; };
		AD05A640228B6DCB613DE7BA /* OGSMeStore.swift */ = {isa = PBXFileReference; fileEncoding = 4; lastKnownFileType = sourcecode.swift; path = OGSMeStore.swift; sourceTree = "<group>"; };
		AD05A6413FABA7AABBEEC6FA /* OGSRootViewControllerTransition.swift */ = {isa = PBXFileReference; fileEncoding = 4; lastKnownFileType = sourcecode.swift; path = OGSRootViewControllerTransition.swift; sourceTree = "<group>"; };
		AD05A6E404C73D452A4B9148 /* OGSProdConfiguration.swift */ = {isa = PBXFileReference; fileEncoding = 4; lastKnownFileType = sourcecode.swift; path = OGSProdConfiguration.swift; sourceTree = "<group>"; };
		AD05A7F90F265AA6604A16CB /* OGSSocketManagerTypes.swift */ = {isa = PBXFileReference; fileEncoding = 4; lastKnownFileType = sourcecode.swift; path = OGSSocketManagerTypes.swift; sourceTree = "<group>"; };
		AD05A8CBB6DCEBEA0F2DBE28 /* OGSDispatcher.swift */ = {isa = PBXFileReference; fileEncoding = 4; lastKnownFileType = sourcecode.swift; path = OGSDispatcher.swift; sourceTree = "<group>"; };
		AD05A8FFF7774E8C78F4B5C4 /* UIColor+Additions.swift */ = {isa = PBXFileReference; fileEncoding = 4; lastKnownFileType = sourcecode.swift; path = "UIColor+Additions.swift"; sourceTree = "<group>"; };
		AD05A9ECDDD9E6ED45019693 /* OGSAppDelegate.swift */ = {isa = PBXFileReference; fileEncoding = 4; lastKnownFileType = sourcecode.swift; path = OGSAppDelegate.swift; sourceTree = "<group>"; };
		AD05AAF6F23605943C8B4799 /* OGSUser+Unboxable.swift */ = {isa = PBXFileReference; fileEncoding = 4; lastKnownFileType = sourcecode.swift; path = "OGSUser+Unboxable.swift"; sourceTree = "<group>"; };
		AD05ABBB3826AA77B8B017A3 /* OGSDiskManager.swift */ = {isa = PBXFileReference; fileEncoding = 4; lastKnownFileType = sourcecode.swift; path = OGSDiskManager.swift; sourceTree = "<group>"; };
		AD05ABC463A960E74C9B2CA0 /* OGSChooseGameCollectionViewController.swift */ = {isa = PBXFileReference; fileEncoding = 4; lastKnownFileType = sourcecode.swift; path = OGSChooseGameCollectionViewController.swift; sourceTree = "<group>"; };
		AD05AC0F9046A97D43794663 /* OGSRootViewControllerWorker.swift */ = {isa = PBXFileReference; fileEncoding = 4; lastKnownFileType = sourcecode.swift; path = OGSRootViewControllerWorker.swift; sourceTree = "<group>"; };
		AD05AD1DB62CA191F038171D /* ChallengeWorker.swift */ = {isa = PBXFileReference; fileEncoding = 4; lastKnownFileType = sourcecode.swift; path = ChallengeWorker.swift; sourceTree = "<group>"; };
		AD05AD7F65C8CB89B123BE4D /* OGSSessionWorker.swift */ = {isa = PBXFileReference; fileEncoding = 4; lastKnownFileType = sourcecode.swift; path = OGSSessionWorker.swift; sourceTree = "<group>"; };
		AD05ADFB7AF57B9E129EBAFC /* OGSSocketManager.swift */ = {isa = PBXFileReference; fileEncoding = 4; lastKnownFileType = sourcecode.swift; path = OGSSocketManager.swift; sourceTree = "<group>"; };
		AD05AE9600B34B78B76D3181 /* OGSChooseGameListGamesWorker.swift */ = {isa = PBXFileReference; fileEncoding = 4; lastKnownFileType = sourcecode.swift; path = OGSChooseGameListGamesWorker.swift; sourceTree = "<group>"; };
		AD05AF6C8740956A2DA7A847 /* OGSAppConfigurator.swift */ = {isa = PBXFileReference; fileEncoding = 4; lastKnownFileType = sourcecode.swift; path = OGSAppConfigurator.swift; sourceTree = "<group>"; };
		AD05AF85A40E7F66F2217A8F /* ChallengeStore.swift */ = {isa = PBXFileReference; fileEncoding = 4; lastKnownFileType = sourcecode.swift; path = ChallengeStore.swift; sourceTree = "<group>"; };
		AD05AFB1DFE099131696928E /* OGSSeekGraphSocketStoreModels.swift */ = {isa = PBXFileReference; fileEncoding = 4; lastKnownFileType = sourcecode.swift; path = OGSSeekGraphSocketStoreModels.swift; sourceTree = "<group>"; };
		AF12002656677CCFB6D8EAF8 /* Pods_iosgo.framework */ = {isa = PBXFileReference; explicitFileType = wrapper.framework; includeInIndex = 0; path = Pods_iosgo.framework; sourceTree = BUILT_PRODUCTS_DIR; };
		F9EF09D63764B4EEF1D623C0 /* Pods_iosgoTests.framework */ = {isa = PBXFileReference; explicitFileType = wrapper.framework; includeInIndex = 0; path = Pods_iosgoTests.framework; sourceTree = BUILT_PRODUCTS_DIR; };
/* End PBXFileReference section */

/* Begin PBXFrameworksBuildPhase section */
		565D24681E54A5A500EF62CD /* Frameworks */ = {
			isa = PBXFrameworksBuildPhase;
			buildActionMask = 2147483647;
			files = (
				490D5ED58103542F7917F833 /* Pods_iosgo.framework in Frameworks */,
			);
			runOnlyForDeploymentPostprocessing = 0;
		};
		565D24821E54A5A500EF62CD /* Frameworks */ = {
			isa = PBXFrameworksBuildPhase;
			buildActionMask = 2147483647;
			files = (
				A81193961154CC5984C35A80 /* Pods_iosgoTests.framework in Frameworks */,
			);
			runOnlyForDeploymentPostprocessing = 0;
		};
/* End PBXFrameworksBuildPhase section */

/* Begin PBXGroup section */
		3176CD49A89C56C411571F86 /* Pods */ = {
			isa = PBXGroup;
			children = (
				3A3A74F5D326BE5E0E2D52ED /* Pods-iosgoTests.debug.xcconfig */,
				2F833FBBB73B7CCEE7D54A54 /* Pods-iosgoTests.release.xcconfig */,
				716E1A03A77525183735DD47 /* Pods-iosgo.debug.xcconfig */,
				01BA5FDBCD62AB45B53CC1A9 /* Pods-iosgo.release.xcconfig */,
			);
			name = Pods;
			sourceTree = "<group>";
		};
		3414A6FB1EF2239E00E28D6D /* Workers */ = {
			isa = PBXGroup;
			children = (
				3414A6FC1EF223BF00E28D6D /* StoneWorker.swift */,
				3414A6F91EF21B5800E28D6D /* StoneNodeFactory.swift */,
			);
			path = Workers;
			sourceTree = "<group>";
		};
		3414A6FE1EF22AF800E28D6D /* CGFloat */ = {
			isa = PBXGroup;
			children = (
				3414A6FF1EF22B6A00E28D6D /* CGFloat+Standardization.swift */,
			);
			path = CGFloat;
			sourceTree = "<group>";
		};
		341856A31EFF628E00DAF3CF /* Models */ = {
			isa = PBXGroup;
			children = (
				AD05AAF6F23605943C8B4799 /* OGSUser+Unboxable.swift */,
				34DF468A1EFB5608009EC397 /* Game+Unboxable.swift */,
				341856A61EFF637B00DAF3CF /* OGSChallenge+Unboxable.swift */,
				8405C723D11B0D56D6CFDD08 /* OGSLoginInfo+Unboxable.swift */,
				341856A41EFF62D300DAF3CF /* TimeControlParameters+Unboxable.swift */,
				34C3DDB31EFF2B79001C8AF4 /* TimeControlParametersFormatter.swift */,
			);
			path = Models;
			sourceTree = "<group>";
		};
		342EC8161EF8B6D900C3A7E7 /* Game */ = {
			isa = PBXGroup;
			children = (
				342EC8171EF8B70700C3A7E7 /* Game.swift */,
				342EC8191EF8BC9B00C3A7E7 /* GameEnumerations.swift */,
				34C3DDB11EFF2B41001C8AF4 /* TimeControlParametersType.swift */,
			);
			path = Game;
			sourceTree = "<group>";
		};
		34455DC51EFF7591002199D0 /* Unbox */ = {
			isa = PBXGroup;
			children = (
				34455DC61EFF75AE002199D0 /* UnboxFormatter+Dictionary.swift */,
			);
			path = Unbox;
			sourceTree = "<group>";
		};
		345881771EE4A99700FE773B /* Splash */ = {
			isa = PBXGroup;
			children = (
				346441471EE4BA06008718D7 /* SplashConfigurator.swift */,
				346441481EE4BA06008718D7 /* SplashInteractor.swift */,
				346441491EE4BA06008718D7 /* SplashModels.swift */,
				3464414A1EE4BA06008718D7 /* SplashPresenter.swift */,
				3464414B1EE4BA06008718D7 /* SplashRouter.swift */,
				3464414C1EE4BA06008718D7 /* SplashViewController.swift */,
				346441531EE4BDF6008718D7 /* Splash.storyboard */,
			);
			path = Splash;
			sourceTree = "<group>";
		};
		34934B741EF23FE80096D3C4 /* CGSize */ = {
			isa = PBXGroup;
			children = (
				34934B751EF240320096D3C4 /* CGSize+Scalable.swift */,
			);
			path = CGSize;
			sourceTree = "<group>";
		};
		34A2B55B1EEA4AA30074525B /* Play */ = {
			isa = PBXGroup;
			children = (
				34A2B5A81EEBDD500074525B /* Play.storyboard */,
				34FEDDA21EFFF02F00EC1B5F /* PlayInteractor.swift */,
				34FEDDA31EFFF02F00EC1B5F /* PlayModels.swift */,
				34FEDDA41EFFF02F00EC1B5F /* PlayPresenter.swift */,
				34FEDDA51EFFF02F00EC1B5F /* PlayRouter.swift */,
				34FEDDA61EFFF02F00EC1B5F /* PlayViewController.swift */,
				346945321EF749DD004E3164 /* PlayWorker.swift */,
				34A2B55C1EEA4AB70074525B /* BoardScene */,
			);
			path = Play;
			sourceTree = "<group>";
		};
		34A2B55C1EEA4AB70074525B /* BoardScene */ = {
			isa = PBXGroup;
			children = (
				3414A6FB1EF2239E00E28D6D /* Workers */,
				34A2B5A31EEBD4580074525B /* Nodes */,
				34ACC8AA1EEBDF7900F2B376 /* BoardScene.swift */,
				34A2B55D1EEA4AD90074525B /* BoardScene.sks */,
			);
			path = BoardScene;
			sourceTree = "<group>";
		};
		34A2B5A31EEBD4580074525B /* Nodes */ = {
			isa = PBXGroup;
			children = (
				34A2B5A41EEBD46C0074525B /* GridNode.swift */,
				34177CC21EEE4CF100DDDD2F /* StoneNode.swift */,
			);
			path = Nodes;
			sourceTree = "<group>";
		};
		34DF46891EFB55F4009EC397 /* GameStore */ = {
			isa = PBXGroup;
			children = (
				34C3DDB51EFF2ED5001C8AF4 /* GameStore.swift */,
			);
			path = GameStore;
			sourceTree = "<group>";
		};
		565D24621E54A5A500EF62CD = {
			isa = PBXGroup;
			children = (
				E4DEFB86F4E965A3CC8D8761 /* Frameworks */,
				565D246D1E54A5A500EF62CD /* iosgo */,
				565D24881E54A5A500EF62CD /* iosgoTests */,
				3176CD49A89C56C411571F86 /* Pods */,
				565D246C1E54A5A500EF62CD /* Products */,
				56BD885D1E551C4C0098E50B /* Resource */,
			);
			sourceTree = "<group>";
		};
		565D246C1E54A5A500EF62CD /* Products */ = {
			isa = PBXGroup;
			children = (
				565D246B1E54A5A500EF62CD /* iosgo.app */,
				565D24851E54A5A500EF62CD /* iosgoTests.xctest */,
			);
			name = Products;
			sourceTree = "<group>";
		};
		565D246D1E54A5A500EF62CD /* iosgo */ = {
			isa = PBXGroup;
			children = (
				565D24801E54A5A500EF62CD /* Info.plist */,
				565D247B1E54A5A500EF62CD /* Assets.xcassets */,
				AD05A9249FEBFC41418217D5 /* Additions */,
				56BD888D1E5522530098E50B /* Components */,
				565D247D1E54A5A500EF62CD /* LaunchScreen.storyboard */,
				565D24781E54A5A500EF62CD /* Main.storyboard */,
				8405C8F1A41EC1425EF79C9C /* Managers */,
				8405CB755432B62AFE49B7F6 /* Models */,
				8405CC7312AC75881BD6ADB1 /* Scenes */,
				8405CA6ED574B6A9F2DF0E71 /* Stores */,
				AD05AD1C933B7360B3025EF2 /* Workers */,
			);
			path = iosgo;
			sourceTree = "<group>";
		};
		565D24881E54A5A500EF62CD /* iosgoTests */ = {
			isa = PBXGroup;
			children = (
				565D24891E54A5A500EF62CD /* iosgoTests.swift */,
				565D248B1E54A5A500EF62CD /* Info.plist */,
			);
			path = iosgoTests;
			sourceTree = "<group>";
		};
		56BD885D1E551C4C0098E50B /* Resource */ = {
			isa = PBXGroup;
			children = (
				56BD885E1E551C990098E50B /* Oswald-Bold.ttf */,
				56BD885F1E551C990098E50B /* Oswald-BoldItalic.ttf */,
				56BD88601E551C990098E50B /* Oswald-Demi-BoldItalic.ttf */,
				56BD88611E551C990098E50B /* Oswald-DemiBold.ttf */,
				56BD88621E551C990098E50B /* Oswald-Extra-LightItalic.ttf */,
				56BD88631E551C990098E50B /* Oswald-ExtraLight.ttf */,
				56BD88641E551C990098E50B /* Oswald-Heavy.ttf */,
				56BD88651E551C990098E50B /* Oswald-HeavyItalic.ttf */,
				56BD88661E551C990098E50B /* Oswald-Light.ttf */,
				56BD88671E551C990098E50B /* Oswald-LightItalic.ttf */,
				56BD88681E551C990098E50B /* Oswald-Medium.ttf */,
				56BD88691E551C990098E50B /* Oswald-MediumItalic.ttf */,
				56BD886A1E551C990098E50B /* Oswald-Regular.ttf */,
				56BD886B1E551C990098E50B /* Oswald-RegularItalic.ttf */,
				56BD886C1E551C990098E50B /* Oswald-Stencil.ttf */,
			);
			path = Resource;
			sourceTree = "<group>";
		};
		56BD888D1E5522530098E50B /* Components */ = {
			isa = PBXGroup;
			children = (
				56BD888E1E5522530098E50B /* OGSButton.swift */,
				AD05AF60751CE80FA6C9C0A1 /* Transitions */,
			);
			path = Components;
			sourceTree = "<group>";
		};
		8405C26D800A88F561D724BE /* UserSettings */ = {
			isa = PBXGroup;
			children = (
				8405C7E803F0E983A087BF29 /* OGSUserSettings.swift */,
			);
			path = UserSettings;
			sourceTree = "<group>";
		};
		8405C66D470818B9A9828DEE /* Challenges */ = {
			isa = PBXGroup;
			children = (
				8405C4C2A11D12F3BF6DA2D7 /* OGSChallenge.swift */,
			);
			path = Challenges;
			sourceTree = "<group>";
		};
		8405C8F1A41EC1425EF79C9C /* Managers */ = {
			isa = PBXGroup;
			children = (
				AD05AF6C8740956A2DA7A847 /* OGSAppConfigurator.swift */,
				AD05A9ECDDD9E6ED45019693 /* OGSAppDelegate.swift */,
				AD05ABBB3826AA77B8B017A3 /* OGSDiskManager.swift */,
				AD05A8CBB6DCEBEA0F2DBE28 /* OGSDispatcher.swift */,
				8405C2D09201FEEC8BA27848 /* OGSNotificationCenter.swift */,
				8405CB4F2A3854F6078D1532 /* OGSSessionController.swift */,
				AD05A7FF751DB6DBC7E65E2B /* SocketManager */,
			);
			path = Managers;
			sourceTree = "<group>";
		};
		8405CA6ED574B6A9F2DF0E71 /* Stores */ = {
			isa = PBXGroup;
			children = (
				8405CCC46689EA8AB1CE3519 /* OGSApiStore.swift */,
				AD05A4E8F02D2F46F9BBF790 /* ChallengeStore */,
				34DF46891EFB55F4009EC397 /* GameStore */,
				AD05A7441CAC96E005862E75 /* MeStore */,
				341856A31EFF628E00DAF3CF /* Models */,
				8405CB7FAC98CB122CF80A23 /* OauthStore */,
				8405CE215DCA64499799C222 /* SeekGraph */,
			);
			path = Stores;
			sourceTree = "<group>";
		};
		8405CB755432B62AFE49B7F6 /* Models */ = {
			isa = PBXGroup;
			children = (
				AD05A6342D59CC3E80B17996 /* OGSLoginInfo.swift */,
				8405C78D22DC4B4FB78797CA /* OGSSession.swift */,
				AD05A619B90715ADEDAFC230 /* OGSUser.swift */,
				8405C66D470818B9A9828DEE /* Challenges */,
				8405CDAFCC8C4C8565D8A86D /* Configuration */,
				342EC8161EF8B6D900C3A7E7 /* Game */,
				8405C26D800A88F561D724BE /* UserSettings */,
			);
			path = Models;
			sourceTree = "<group>";
		};
		8405CB7FAC98CB122CF80A23 /* OauthStore */ = {
			isa = PBXGroup;
			children = (
				8405CB3B6D134DFC861A3E6A /* OGSOauthApiStore.swift */,
			);
			path = OauthStore;
			sourceTree = "<group>";
		};
		8405CBDC2EBC9E1083363911 /* Login */ = {
			isa = PBXGroup;
			children = (
				8405CDF76C6E046EFBE5BCA7 /* OGSLoginModels.swift */,
				8405CCBEDED129DD31C31BA8 /* OGSLoginRouter.swift */,
				8405C28DF70477E87F3C32BB /* OGSLoginWorker.swift */,
				8405CA28D0B815E0BA8C2995 /* OGSLoginPresenter.swift */,
				8405C352FE0AD49BF149BB22 /* OGSLoginInteractor.swift */,
				8405C835964EBE64454849A1 /* OGSLoginConfigurator.swift */,
				8405C8F03743E98C9A565610 /* OGSLoginViewController.swift */,
				8405CF546D963204AC2350EC /* OGSLoginViewController.storyboard */,
			);
			path = Login;
			sourceTree = "<group>";
		};
		8405CC7312AC75881BD6ADB1 /* Scenes */ = {
			isa = PBXGroup;
			children = (
				34A2B55B1EEA4AA30074525B /* Play */,
				8405CC9BB1059C10AF4C0027 /* ChooseGame */,
				8405CBDC2EBC9E1083363911 /* Login */,
				345881771EE4A99700FE773B /* Splash */,
			);
			path = Scenes;
			sourceTree = "<group>";
		};
		8405CC9BB1059C10AF4C0027 /* ChooseGame */ = {
			isa = PBXGroup;
			children = (
				5645E9191E679EAA00602FF5 /* OGSChooseGame.storyboard */,
				5612FD081E63C60B000B1973 /* OGSChooseGameConfigurator.swift */,
				5612FD091E63C60B000B1973 /* OGSChooseGameInteractor.swift */,
				5612FD0A1E63C60B000B1973 /* OGSChooseGameModels.swift */,
				5612FD0B1E63C60B000B1973 /* OGSChooseGamePresenter.swift */,
				5612FD0C1E63C60B000B1973 /* OGSChooseGameRouter.swift */,
				5612FD0D1E63C60B000B1973 /* OGSChooseGameViewController.swift */,
				AD05A033860BB552023EC1A1 /* CollectionView */,
				AD05A56298E411A91826AA48 /* Workers */,
			);
			path = ChooseGame;
			sourceTree = "<group>";
		};
		8405CDAFCC8C4C8565D8A86D /* Configuration */ = {
			isa = PBXGroup;
			children = (
				8405C16171C1170044A8637E /* OGSBetaConfiguration.swift */,
				8405CE5732ACA22D3DD45431 /* OGSConfigurationProtocol.swift */,
				AD05A6E404C73D452A4B9148 /* OGSProdConfiguration.swift */,
			);
			path = Configuration;
			sourceTree = "<group>";
		};
		8405CE215DCA64499799C222 /* SeekGraph */ = {
			isa = PBXGroup;
			children = (
				8405CDF23994EB7077BA78B8 /* OGSSeekGraphSocketStore.swift */,
				AD05AFB1DFE099131696928E /* OGSSeekGraphSocketStoreModels.swift */,
			);
			path = SeekGraph;
			sourceTree = "<group>";
		};
		AD05A033860BB552023EC1A1 /* CollectionView */ = {
			isa = PBXGroup;
			children = (
				56FC0C081E9C85F100119D0C /* OGSChooseGameCollectionViewCell.swift */,
				AD05ABC463A960E74C9B2CA0 /* OGSChooseGameCollectionViewController.swift */,
				56FC0C061E9C62E500119D0C /* OGSChooseGameCollectionViewCell.xib */,
			);
			path = CollectionView;
			sourceTree = "<group>";
		};
		AD05A34A88DE4696CFFB31C0 /* ViewWorkers */ = {
			isa = PBXGroup;
			children = (
				AD05AC0F9046A97D43794663 /* OGSRootViewControllerWorker.swift */,
			);
			path = ViewWorkers;
			sourceTree = "<group>";
		};
		AD05A4E8F02D2F46F9BBF790 /* ChallengeStore */ = {
			isa = PBXGroup;
			children = (
				AD05AF85A40E7F66F2217A8F /* ChallengeStore.swift */,
			);
			path = ChallengeStore;
			sourceTree = "<group>";
		};
		AD05A56298E411A91826AA48 /* Workers */ = {
			isa = PBXGroup;
			children = (
				AD05AE9600B34B78B76D3181 /* OGSChooseGameListGamesWorker.swift */,
			);
			path = Workers;
			sourceTree = "<group>";
		};
		AD05A7441CAC96E005862E75 /* MeStore */ = {
			isa = PBXGroup;
			children = (
				AD05A640228B6DCB613DE7BA /* OGSMeStore.swift */,
			);
			path = MeStore;
			sourceTree = "<group>";
		};
		AD05A7FF751DB6DBC7E65E2B /* SocketManager */ = {
			isa = PBXGroup;
			children = (
				AD05ADFB7AF57B9E129EBAFC /* OGSSocketManager.swift */,
				AD05A7F90F265AA6604A16CB /* OGSSocketManagerTypes.swift */,
			);
			path = SocketManager;
			sourceTree = "<group>";
		};
		AD05A9249FEBFC41418217D5 /* Additions */ = {
			isa = PBXGroup;
			children = (
				34455DC51EFF7591002199D0 /* Unbox */,
				34934B741EF23FE80096D3C4 /* CGSize */,
				3414A6FE1EF22AF800E28D6D /* CGFloat */,
				AD05A8FFF7774E8C78F4B5C4 /* UIColor+Additions.swift */,
				8405CF5B5FD5BE2E3B1BFCDC /* Temp.swift */,
				AD05A2B5931F24B08CD0F38B /* String+Additions.swift */,
				AD05A4CA7ABF3FBE7FB32749 /* Dictionary+Additions.swift */,
			);
			path = Additions;
			sourceTree = "<group>";
		};
		AD05AD1C933B7360B3025EF2 /* Workers */ = {
			isa = PBXGroup;
			children = (
				AD05AD1DB62CA191F038171D /* ChallengeWorker.swift */,
				AD05AD7F65C8CB89B123BE4D /* OGSSessionWorker.swift */,
				AD05A34A88DE4696CFFB31C0 /* ViewWorkers */,
			);
			path = Workers;
			sourceTree = "<group>";
		};
		AD05AF60751CE80FA6C9C0A1 /* Transitions */ = {
			isa = PBXGroup;
			children = (
				AD05A6413FABA7AABBEEC6FA /* OGSRootViewControllerTransition.swift */,
			);
			path = Transitions;
			sourceTree = "<group>";
		};
		E4DEFB86F4E965A3CC8D8761 /* Frameworks */ = {
			isa = PBXGroup;
			children = (
				F9EF09D63764B4EEF1D623C0 /* Pods_iosgoTests.framework */,
				AF12002656677CCFB6D8EAF8 /* Pods_iosgo.framework */,
			);
			name = Frameworks;
			sourceTree = "<group>";
		};
/* End PBXGroup section */

/* Begin PBXNativeTarget section */
		565D246A1E54A5A500EF62CD /* iosgo */ = {
			isa = PBXNativeTarget;
			buildConfigurationList = 565D248E1E54A5A500EF62CD /* Build configuration list for PBXNativeTarget "iosgo" */;
			buildPhases = (
				5C71A4488DA7CD6CB648F4A2 /* [CP] Check Pods Manifest.lock */,
				565D24671E54A5A500EF62CD /* Sources */,
				565D24681E54A5A500EF62CD /* Frameworks */,
				565D24691E54A5A500EF62CD /* Resources */,
				AFAC39BA2DF55AB5A475C519 /* [CP] Embed Pods Frameworks */,
				A1B993FB11221535E3007908 /* [CP] Copy Pods Resources */,
			);
			buildRules = (
			);
			dependencies = (
			);
			name = iosgo;
			productName = iosgo;
			productReference = 565D246B1E54A5A500EF62CD /* iosgo.app */;
			productType = "com.apple.product-type.application";
		};
		565D24841E54A5A500EF62CD /* iosgoTests */ = {
			isa = PBXNativeTarget;
			buildConfigurationList = 565D24911E54A5A500EF62CD /* Build configuration list for PBXNativeTarget "iosgoTests" */;
			buildPhases = (
				481A4147511FF2F4E09781C0 /* [CP] Check Pods Manifest.lock */,
				565D24811E54A5A500EF62CD /* Sources */,
				565D24821E54A5A500EF62CD /* Frameworks */,
				565D24831E54A5A500EF62CD /* Resources */,
				DA8C4F860EC7F1B8ADD863FB /* [CP] Embed Pods Frameworks */,
				2102B4BD0236DE9E611DC11B /* [CP] Copy Pods Resources */,
			);
			buildRules = (
			);
			dependencies = (
				565D24871E54A5A500EF62CD /* PBXTargetDependency */,
			);
			name = iosgoTests;
			productName = iosgoTests;
			productReference = 565D24851E54A5A500EF62CD /* iosgoTests.xctest */;
			productType = "com.apple.product-type.bundle.unit-test";
		};
/* End PBXNativeTarget section */

/* Begin PBXProject section */
		565D24631E54A5A500EF62CD /* Project object */ = {
			isa = PBXProject;
			attributes = {
				LastSwiftUpdateCheck = 0820;
				LastUpgradeCheck = 0900;
				ORGANIZATIONNAME = Cheeseonhead;
				TargetAttributes = {
					565D246A1E54A5A500EF62CD = {
						CreatedOnToolsVersion = 8.2.1;
						DevelopmentTeam = PL469KE6KQ;
						LastSwiftMigration = 0900;
						ProvisioningStyle = Automatic;
					};
					565D24841E54A5A500EF62CD = {
						CreatedOnToolsVersion = 8.2.1;
						DevelopmentTeam = R73WSN5T33;
						ProvisioningStyle = Automatic;
						TestTargetID = 565D246A1E54A5A500EF62CD;
					};
				};
			};
			buildConfigurationList = 565D24661E54A5A500EF62CD /* Build configuration list for PBXProject "iosgo" */;
			compatibilityVersion = "Xcode 3.2";
			developmentRegion = English;
			hasScannedForEncodings = 0;
			knownRegions = (
				en,
				Base,
			);
			mainGroup = 565D24621E54A5A500EF62CD;
			productRefGroup = 565D246C1E54A5A500EF62CD /* Products */;
			projectDirPath = "";
			projectRoot = "";
			targets = (
				565D246A1E54A5A500EF62CD /* iosgo */,
				565D24841E54A5A500EF62CD /* iosgoTests */,
			);
		};
/* End PBXProject section */

/* Begin PBXResourcesBuildPhase section */
		565D24691E54A5A500EF62CD /* Resources */ = {
			isa = PBXResourcesBuildPhase;
			buildActionMask = 2147483647;
			files = (
				565D247A1E54A5A500EF62CD /* Main.storyboard in Resources */,
				56BD88791E551C990098E50B /* Oswald-Regular.ttf in Resources */,
				56BD887A1E551C990098E50B /* Oswald-RegularItalic.ttf in Resources */,
				56BD887B1E551C990098E50B /* Oswald-Stencil.ttf in Resources */,
				34A2B5A91EEBDD500074525B /* Play.storyboard in Resources */,
				56BD88701E551C990098E50B /* Oswald-DemiBold.ttf in Resources */,
				5645E91A1E679EAA00602FF5 /* OGSChooseGame.storyboard in Resources */,
				565D247C1E54A5A500EF62CD /* Assets.xcassets in Resources */,
				56BD88781E551C990098E50B /* Oswald-MediumItalic.ttf in Resources */,
				565D247F1E54A5A500EF62CD /* LaunchScreen.storyboard in Resources */,
				34A2B55E1EEA4AD90074525B /* BoardScene.sks in Resources */,
				56BD88751E551C990098E50B /* Oswald-Light.ttf in Resources */,
				346441541EE4BDF6008718D7 /* Splash.storyboard in Resources */,
				56BD88761E551C990098E50B /* Oswald-LightItalic.ttf in Resources */,
				56BD88711E551C990098E50B /* Oswald-Extra-LightItalic.ttf in Resources */,
				56BD886D1E551C990098E50B /* Oswald-Bold.ttf in Resources */,
				56BD88721E551C990098E50B /* Oswald-ExtraLight.ttf in Resources */,
				56BD886F1E551C990098E50B /* Oswald-Demi-BoldItalic.ttf in Resources */,
				56FC0C071E9C62E500119D0C /* OGSChooseGameCollectionViewCell.xib in Resources */,
				56BD886E1E551C990098E50B /* Oswald-BoldItalic.ttf in Resources */,
				56BD88741E551C990098E50B /* Oswald-HeavyItalic.ttf in Resources */,
				56BD88771E551C990098E50B /* Oswald-Medium.ttf in Resources */,
				56BD88731E551C990098E50B /* Oswald-Heavy.ttf in Resources */,
				8405C17C969AC4488D2E1025 /* OGSLoginViewController.storyboard in Resources */,
			);
			runOnlyForDeploymentPostprocessing = 0;
		};
		565D24831E54A5A500EF62CD /* Resources */ = {
			isa = PBXResourcesBuildPhase;
			buildActionMask = 2147483647;
			files = (
			);
			runOnlyForDeploymentPostprocessing = 0;
		};
/* End PBXResourcesBuildPhase section */

/* Begin PBXShellScriptBuildPhase section */
		2102B4BD0236DE9E611DC11B /* [CP] Copy Pods Resources */ = {
			isa = PBXShellScriptBuildPhase;
			buildActionMask = 2147483647;
			files = (
			);
			inputPaths = (
			);
			name = "[CP] Copy Pods Resources";
			outputPaths = (
			);
			runOnlyForDeploymentPostprocessing = 0;
			shellPath = /bin/sh;
			shellScript = "\"${SRCROOT}/Pods/Target Support Files/Pods-iosgoTests/Pods-iosgoTests-resources.sh\"\n";
			showEnvVarsInLog = 0;
		};
		481A4147511FF2F4E09781C0 /* [CP] Check Pods Manifest.lock */ = {
			isa = PBXShellScriptBuildPhase;
			buildActionMask = 2147483647;
			files = (
			);
			inputPaths = (
			);
			name = "[CP] Check Pods Manifest.lock";
			outputPaths = (
			);
			runOnlyForDeploymentPostprocessing = 0;
			shellPath = /bin/sh;
			shellScript = "diff \"${PODS_PODFILE_DIR_PATH}/Podfile.lock\" \"${PODS_ROOT}/Manifest.lock\" > /dev/null\nif [ $? != 0 ] ; then\n    # print error to STDERR\n    echo \"error: The sandbox is not in sync with the Podfile.lock. Run 'pod install' or update your CocoaPods installation.\" >&2\n    exit 1\nfi\n";
			showEnvVarsInLog = 0;
		};
		5C71A4488DA7CD6CB648F4A2 /* [CP] Check Pods Manifest.lock */ = {
			isa = PBXShellScriptBuildPhase;
			buildActionMask = 2147483647;
			files = (
			);
			inputPaths = (
			);
			name = "[CP] Check Pods Manifest.lock";
			outputPaths = (
			);
			runOnlyForDeploymentPostprocessing = 0;
			shellPath = /bin/sh;
			shellScript = "diff \"${PODS_PODFILE_DIR_PATH}/Podfile.lock\" \"${PODS_ROOT}/Manifest.lock\" > /dev/null\nif [ $? != 0 ] ; then\n    # print error to STDERR\n    echo \"error: The sandbox is not in sync with the Podfile.lock. Run 'pod install' or update your CocoaPods installation.\" >&2\n    exit 1\nfi\n";
			showEnvVarsInLog = 0;
		};
		A1B993FB11221535E3007908 /* [CP] Copy Pods Resources */ = {
			isa = PBXShellScriptBuildPhase;
			buildActionMask = 2147483647;
			files = (
			);
			inputPaths = (
			);
			name = "[CP] Copy Pods Resources";
			outputPaths = (
			);
			runOnlyForDeploymentPostprocessing = 0;
			shellPath = /bin/sh;
			shellScript = "\"${SRCROOT}/Pods/Target Support Files/Pods-iosgo/Pods-iosgo-resources.sh\"\n";
			showEnvVarsInLog = 0;
		};
		AFAC39BA2DF55AB5A475C519 /* [CP] Embed Pods Frameworks */ = {
			isa = PBXShellScriptBuildPhase;
			buildActionMask = 2147483647;
			files = (
			);
			inputPaths = (
			);
			name = "[CP] Embed Pods Frameworks";
			outputPaths = (
			);
			runOnlyForDeploymentPostprocessing = 0;
			shellPath = /bin/sh;
			shellScript = "\"${SRCROOT}/Pods/Target Support Files/Pods-iosgo/Pods-iosgo-frameworks.sh\"\n";
			showEnvVarsInLog = 0;
		};
		DA8C4F860EC7F1B8ADD863FB /* [CP] Embed Pods Frameworks */ = {
			isa = PBXShellScriptBuildPhase;
			buildActionMask = 2147483647;
			files = (
			);
			inputPaths = (
			);
			name = "[CP] Embed Pods Frameworks";
			outputPaths = (
			);
			runOnlyForDeploymentPostprocessing = 0;
			shellPath = /bin/sh;
			shellScript = "\"${SRCROOT}/Pods/Target Support Files/Pods-iosgoTests/Pods-iosgoTests-frameworks.sh\"\n";
			showEnvVarsInLog = 0;
		};
/* End PBXShellScriptBuildPhase section */

/* Begin PBXSourcesBuildPhase section */
		565D24671E54A5A500EF62CD /* Sources */ = {
			isa = PBXSourcesBuildPhase;
			buildActionMask = 2147483647;
			files = (
				56BD888F1E5522530098E50B /* OGSButton.swift in Sources */,
				AD05A98848DA928281D1EFE3 /* UIColor+Additions.swift in Sources */,
				8405C25052BE507C9469A9FE /* OGSLoginModels.swift in Sources */,
				3414A6FD1EF223BF00E28D6D /* StoneWorker.swift in Sources */,
				8405CDE4965C7493BA13D163 /* OGSLoginRouter.swift in Sources */,
				8405C3C9E1790ACD829F597C /* OGSLoginWorker.swift in Sources */,
				341856A51EFF62D300DAF3CF /* TimeControlParameters+Unboxable.swift in Sources */,
				34FEDDAA1EFFF02F00EC1B5F /* PlayRouter.swift in Sources */,
				8405CA6A133748D9049413CA /* OGSLoginPresenter.swift in Sources */,
				8405CA49BF8044F3F0B76F31 /* OGSLoginInteractor.swift in Sources */,
				8405CC0C6DBB4D5102EE60CF /* OGSLoginConfigurator.swift in Sources */,
				34455DC71EFF75AE002199D0 /* UnboxFormatter+Dictionary.swift in Sources */,
				8405C6E5D3897A1BBF7653B2 /* OGSLoginViewController.swift in Sources */,
				8405CB5F7BAD2E27B9786979 /* Temp.swift in Sources */,
				5612FD0F1E63C60B000B1973 /* OGSChooseGameInteractor.swift in Sources */,
				3464414E1EE4BA06008718D7 /* SplashInteractor.swift in Sources */,
				5612FD131E63C60B000B1973 /* OGSChooseGameViewController.swift in Sources */,
				34FEDDA91EFFF02F00EC1B5F /* PlayPresenter.swift in Sources */,
				56FC0C091E9C85F100119D0C /* OGSChooseGameCollectionViewCell.swift in Sources */,
				5612FD0E1E63C60B000B1973 /* OGSChooseGameConfigurator.swift in Sources */,
				8405CEA1C88BF254C0A34A28 /* OGSOauthApiStore.swift in Sources */,
				5612FD111E63C60B000B1973 /* OGSChooseGamePresenter.swift in Sources */,
				5612FD101E63C60B000B1973 /* OGSChooseGameModels.swift in Sources */,
				8405C06692E15B7D16D86610 /* OGSNotificationCenter.swift in Sources */,
				34FEDDA71EFFF02F00EC1B5F /* PlayInteractor.swift in Sources */,
				AD05AF37C68CBA22A3DC256C /* OGSDispatcher.swift in Sources */,
				AD05A21671A192B337421704 /* String+Additions.swift in Sources */,
				34A2B5A51EEBD46C0074525B /* GridNode.swift in Sources */,
				34FEDDAB1EFFF02F00EC1B5F /* PlayViewController.swift in Sources */,
				AD05A00EC3EF1F09DFBC5597 /* Dictionary+Additions.swift in Sources */,
				5612FD121E63C60B000B1973 /* OGSChooseGameRouter.swift in Sources */,
				346441511EE4BA06008718D7 /* SplashRouter.swift in Sources */,
				34FEDDA81EFFF02F00EC1B5F /* PlayModels.swift in Sources */,
				34C3DDB41EFF2B79001C8AF4 /* TimeControlParametersFormatter.swift in Sources */,
				8405C95C6D25905BDEEB6F5C /* OGSBetaConfiguration.swift in Sources */,
				8405CD093E23DC1A0921DAA5 /* OGSConfigurationProtocol.swift in Sources */,
				8405C33DABB22CF98928A07E /* OGSUserSettings.swift in Sources */,
				8405C1BD724D953FE34DDC35 /* OGSSeekGraphSocketStore.swift in Sources */,
				8405CAFEE0C897EE31ED6865 /* OGSChallenge.swift in Sources */,
				34C3DDB21EFF2B41001C8AF4 /* TimeControlParametersType.swift in Sources */,
				341856A71EFF637B00DAF3CF /* OGSChallenge+Unboxable.swift in Sources */,
				AD05AE74C92DA8328A33761F /* OGSDiskManager.swift in Sources */,
				34ACC8AB1EEBDF7900F2B376 /* BoardScene.swift in Sources */,
				AD05A8548F5F603C37C45C57 /* OGSAppConfigurator.swift in Sources */,
				346441501EE4BA06008718D7 /* SplashPresenter.swift in Sources */,
				AD05AFC36181FFE0C0DB7889 /* OGSChooseGameListGamesWorker.swift in Sources */,
				AD05AF2B9222BE964C87EC8D /* OGSAppDelegate.swift in Sources */,
				AD05A80C3174620434A3BF39 /* OGSLoginInfo.swift in Sources */,
				AD05A7E728E07F256A22C0DF /* OGSChooseGameCollectionViewController.swift in Sources */,
				34DF468B1EFB5608009EC397 /* Game+Unboxable.swift in Sources */,
				342EC81A1EF8BC9B00C3A7E7 /* GameEnumerations.swift in Sources */,
				AD05A2678BD4ECA68F40FE18 /* OGSProdConfiguration.swift in Sources */,
				AD05ABE155BC1FDEA29394EF /* OGSSocketManager.swift in Sources */,
				AD05AE7444BF09E5E49DE6ED /* OGSSocketManagerTypes.swift in Sources */,
				AD05A664F189FAC228843217 /* OGSSeekGraphSocketStoreModels.swift in Sources */,
				8405CF0DBD2A4DAB0A3A30E7 /* OGSLoginInfo+Unboxable.swift in Sources */,
				3414A7001EF22B6A00E28D6D /* CGFloat+Standardization.swift in Sources */,
				8405CDC2CCCFD39520FBEC6C /* OGSSession.swift in Sources */,
				8405C19D66ABA58804962F72 /* OGSSessionController.swift in Sources */,
				342EC8181EF8B70700C3A7E7 /* Game.swift in Sources */,
				8405CABBF4E7064889C38772 /* OGSApiStore.swift in Sources */,
				34C3DDB61EFF2ED5001C8AF4 /* GameStore.swift in Sources */,
				34177CC31EEE4CF100DDDD2F /* StoneNode.swift in Sources */,
				AD05ADA1EA08A794B27AD4DB /* OGSSessionWorker.swift in Sources */,
				3414A6FA1EF21B5800E28D6D /* StoneNodeFactory.swift in Sources */,
				AD05A01B448899472AAD4DBE /* OGSUser.swift in Sources */,
				AD05ADCD7A6778EA6AAF16D7 /* OGSRootViewControllerTransition.swift in Sources */,
				34934B761EF240320096D3C4 /* CGSize+Scalable.swift in Sources */,
				AD05AB67C74B02B834E8CFA8 /* OGSMeStore.swift in Sources */,
				3464414F1EE4BA06008718D7 /* SplashModels.swift in Sources */,
				AD05AE59A5BF1697CECE11D9 /* OGSUser+Unboxable.swift in Sources */,
				AD05AE8F87A1E735676D8715 /* OGSRootViewControllerWorker.swift in Sources */,
				3464414D1EE4BA06008718D7 /* SplashConfigurator.swift in Sources */,
				346441521EE4BA06008718D7 /* SplashViewController.swift in Sources */,
				AD05A0EE97BB7404C7897307 /* ChallengeStore.swift in Sources */,
				AD05A9F1111278A031FEA546 /* ChallengeWorker.swift in Sources */,
				346945331EF749DD004E3164 /* PlayWorker.swift in Sources */,
			);
			runOnlyForDeploymentPostprocessing = 0;
		};
		565D24811E54A5A500EF62CD /* Sources */ = {
			isa = PBXSourcesBuildPhase;
			buildActionMask = 2147483647;
			files = (
				565D248A1E54A5A500EF62CD /* iosgoTests.swift in Sources */,
			);
			runOnlyForDeploymentPostprocessing = 0;
		};
/* End PBXSourcesBuildPhase section */

/* Begin PBXTargetDependency section */
		565D24871E54A5A500EF62CD /* PBXTargetDependency */ = {
			isa = PBXTargetDependency;
			target = 565D246A1E54A5A500EF62CD /* iosgo */;
			targetProxy = 565D24861E54A5A500EF62CD /* PBXContainerItemProxy */;
		};
/* End PBXTargetDependency section */

/* Begin PBXVariantGroup section */
		565D24781E54A5A500EF62CD /* Main.storyboard */ = {
			isa = PBXVariantGroup;
			children = (
				565D24791E54A5A500EF62CD /* Base */,
			);
			name = Main.storyboard;
			sourceTree = "<group>";
		};
		565D247D1E54A5A500EF62CD /* LaunchScreen.storyboard */ = {
			isa = PBXVariantGroup;
			children = (
				565D247E1E54A5A500EF62CD /* Base */,
			);
			name = LaunchScreen.storyboard;
			sourceTree = "<group>";
		};
/* End PBXVariantGroup section */

/* Begin XCBuildConfiguration section */
		565D248C1E54A5A500EF62CD /* Debug */ = {
			isa = XCBuildConfiguration;
			buildSettings = {
				ALWAYS_SEARCH_USER_PATHS = NO;
				CLANG_ANALYZER_NONNULL = YES;
				CLANG_CXX_LANGUAGE_STANDARD = "gnu++0x";
				CLANG_CXX_LIBRARY = "libc++";
				CLANG_ENABLE_MODULES = YES;
				CLANG_ENABLE_OBJC_ARC = YES;
				CLANG_WARN_BLOCK_CAPTURE_AUTORELEASING = YES;
				CLANG_WARN_BOOL_CONVERSION = YES;
				CLANG_WARN_COMMA = YES;
				CLANG_WARN_CONSTANT_CONVERSION = YES;
				CLANG_WARN_DIRECT_OBJC_ISA_USAGE = YES_ERROR;
				CLANG_WARN_DOCUMENTATION_COMMENTS = YES;
				CLANG_WARN_EMPTY_BODY = YES;
				CLANG_WARN_ENUM_CONVERSION = YES;
				CLANG_WARN_INFINITE_RECURSION = YES;
				CLANG_WARN_INT_CONVERSION = YES;
				CLANG_WARN_NON_LITERAL_NULL_CONVERSION = YES;
				CLANG_WARN_OBJC_LITERAL_CONVERSION = YES;
				CLANG_WARN_OBJC_ROOT_CLASS = YES_ERROR;
				CLANG_WARN_RANGE_LOOP_ANALYSIS = YES;
				CLANG_WARN_STRICT_PROTOTYPES = YES;
				CLANG_WARN_SUSPICIOUS_MOVE = YES;
				CLANG_WARN_UNREACHABLE_CODE = YES;
				CLANG_WARN__DUPLICATE_METHOD_MATCH = YES;
				"CODE_SIGN_IDENTITY[sdk=iphoneos*]" = "iPhone Developer";
				COPY_PHASE_STRIP = NO;
				DEBUG_INFORMATION_FORMAT = dwarf;
				ENABLE_STRICT_OBJC_MSGSEND = YES;
				ENABLE_TESTABILITY = YES;
				GCC_C_LANGUAGE_STANDARD = gnu99;
				GCC_DYNAMIC_NO_PIC = NO;
				GCC_NO_COMMON_BLOCKS = YES;
				GCC_OPTIMIZATION_LEVEL = 0;
				GCC_PREPROCESSOR_DEFINITIONS = (
					"DEBUG=1",
					"$(inherited)",
				);
				GCC_TREAT_WARNINGS_AS_ERRORS = YES;
				GCC_WARN_64_TO_32_BIT_CONVERSION = YES;
				GCC_WARN_ABOUT_RETURN_TYPE = YES_ERROR;
				GCC_WARN_UNDECLARED_SELECTOR = YES;
				GCC_WARN_UNINITIALIZED_AUTOS = YES_AGGRESSIVE;
				GCC_WARN_UNUSED_FUNCTION = YES;
				GCC_WARN_UNUSED_VARIABLE = YES;
				IPHONEOS_DEPLOYMENT_TARGET = 10.0;
				MTL_ENABLE_DEBUG_INFO = YES;
				ONLY_ACTIVE_ARCH = YES;
				SDKROOT = iphoneos;
				SWIFT_ACTIVE_COMPILATION_CONDITIONS = DEBUG;
				SWIFT_OPTIMIZATION_LEVEL = "-Onone";
				SWIFT_TREAT_WARNINGS_AS_ERRORS = YES;
				SWIFT_VERSION = 3.0;
				TARGETED_DEVICE_FAMILY = 2;
			};
			name = Debug;
		};
		565D248D1E54A5A500EF62CD /* Release */ = {
			isa = XCBuildConfiguration;
			buildSettings = {
				ALWAYS_SEARCH_USER_PATHS = NO;
				CLANG_ANALYZER_NONNULL = YES;
				CLANG_CXX_LANGUAGE_STANDARD = "gnu++0x";
				CLANG_CXX_LIBRARY = "libc++";
				CLANG_ENABLE_MODULES = YES;
				CLANG_ENABLE_OBJC_ARC = YES;
				CLANG_WARN_BLOCK_CAPTURE_AUTORELEASING = YES;
				CLANG_WARN_BOOL_CONVERSION = YES;
				CLANG_WARN_COMMA = YES;
				CLANG_WARN_CONSTANT_CONVERSION = YES;
				CLANG_WARN_DIRECT_OBJC_ISA_USAGE = YES_ERROR;
				CLANG_WARN_DOCUMENTATION_COMMENTS = YES;
				CLANG_WARN_EMPTY_BODY = YES;
				CLANG_WARN_ENUM_CONVERSION = YES;
				CLANG_WARN_INFINITE_RECURSION = YES;
				CLANG_WARN_INT_CONVERSION = YES;
				CLANG_WARN_NON_LITERAL_NULL_CONVERSION = YES;
				CLANG_WARN_OBJC_LITERAL_CONVERSION = YES;
				CLANG_WARN_OBJC_ROOT_CLASS = YES_ERROR;
				CLANG_WARN_RANGE_LOOP_ANALYSIS = YES;
				CLANG_WARN_STRICT_PROTOTYPES = YES;
				CLANG_WARN_SUSPICIOUS_MOVE = YES;
				CLANG_WARN_UNREACHABLE_CODE = YES;
				CLANG_WARN__DUPLICATE_METHOD_MATCH = YES;
				"CODE_SIGN_IDENTITY[sdk=iphoneos*]" = "iPhone Developer";
				COPY_PHASE_STRIP = NO;
				DEBUG_INFORMATION_FORMAT = "dwarf-with-dsym";
				ENABLE_NS_ASSERTIONS = NO;
				ENABLE_STRICT_OBJC_MSGSEND = YES;
				GCC_C_LANGUAGE_STANDARD = gnu99;
				GCC_NO_COMMON_BLOCKS = YES;
				GCC_TREAT_WARNINGS_AS_ERRORS = YES;
				GCC_WARN_64_TO_32_BIT_CONVERSION = YES;
				GCC_WARN_ABOUT_RETURN_TYPE = YES_ERROR;
				GCC_WARN_UNDECLARED_SELECTOR = YES;
				GCC_WARN_UNINITIALIZED_AUTOS = YES_AGGRESSIVE;
				GCC_WARN_UNUSED_FUNCTION = YES;
				GCC_WARN_UNUSED_VARIABLE = YES;
				IPHONEOS_DEPLOYMENT_TARGET = 10.0;
				MTL_ENABLE_DEBUG_INFO = NO;
				SDKROOT = iphoneos;
				SWIFT_OPTIMIZATION_LEVEL = "-Owholemodule";
				SWIFT_TREAT_WARNINGS_AS_ERRORS = YES;
				SWIFT_VERSION = 3.0;
				TARGETED_DEVICE_FAMILY = 2;
				VALIDATE_PRODUCT = YES;
			};
			name = Release;
		};
		565D248F1E54A5A500EF62CD /* Debug */ = {
			isa = XCBuildConfiguration;
			baseConfigurationReference = 716E1A03A77525183735DD47 /* Pods-iosgo.debug.xcconfig */;
			buildSettings = {
				ASSETCATALOG_COMPILER_APPICON_NAME = AppIcon;
				DEVELOPMENT_TEAM = PL469KE6KQ;
				GCC_TREAT_WARNINGS_AS_ERRORS = YES;
				INFOPLIST_FILE = iosgo/Info.plist;
				IPHONEOS_DEPLOYMENT_TARGET = 10.0;
				LD_RUNPATH_SEARCH_PATHS = "$(inherited) @executable_path/Frameworks";
				PRODUCT_BUNDLE_IDENTIFIER = com.cheeseonhead.iosgogame;
				PRODUCT_NAME = "$(TARGET_NAME)";
				SWIFT_SWIFT3_OBJC_INFERENCE = Default;
				SWIFT_VERSION = 4.0;
			};
			name = Debug;
		};
		565D24901E54A5A500EF62CD /* Release */ = {
			isa = XCBuildConfiguration;
			baseConfigurationReference = 01BA5FDBCD62AB45B53CC1A9 /* Pods-iosgo.release.xcconfig */;
			buildSettings = {
				ASSETCATALOG_COMPILER_APPICON_NAME = AppIcon;
				DEVELOPMENT_TEAM = PL469KE6KQ;
				GCC_TREAT_WARNINGS_AS_ERRORS = YES;
				INFOPLIST_FILE = iosgo/Info.plist;
				IPHONEOS_DEPLOYMENT_TARGET = 10.0;
				LD_RUNPATH_SEARCH_PATHS = "$(inherited) @executable_path/Frameworks";
				PRODUCT_BUNDLE_IDENTIFIER = com.cheeseonhead.iosgogame;
				PRODUCT_NAME = "$(TARGET_NAME)";
				SWIFT_SWIFT3_OBJC_INFERENCE = Default;
				SWIFT_VERSION = 4.0;
			};
			name = Release;
		};
		565D24921E54A5A500EF62CD /* Debug */ = {
			isa = XCBuildConfiguration;
			baseConfigurationReference = 3A3A74F5D326BE5E0E2D52ED /* Pods-iosgoTests.debug.xcconfig */;
			buildSettings = {
				BUNDLE_LOADER = "$(TEST_HOST)";
				DEVELOPMENT_TEAM = R73WSN5T33;
				INFOPLIST_FILE = iosgoTests/Info.plist;
				LD_RUNPATH_SEARCH_PATHS = "$(inherited) @executable_path/Frameworks @loader_path/Frameworks";
				PRODUCT_BUNDLE_IDENTIFIER = com.cheeseonhead.iosgoTests;
				PRODUCT_NAME = "$(TARGET_NAME)";
				SWIFT_VERSION = 3.0;
				TEST_HOST = "$(BUILT_PRODUCTS_DIR)/iosgo.app/iosgo";
			};
			name = Debug;
		};
		565D24931E54A5A500EF62CD /* Release */ = {
			isa = XCBuildConfiguration;
			baseConfigurationReference = 2F833FBBB73B7CCEE7D54A54 /* Pods-iosgoTests.release.xcconfig */;
			buildSettings = {
				BUNDLE_LOADER = "$(TEST_HOST)";
				DEVELOPMENT_TEAM = R73WSN5T33;
				INFOPLIST_FILE = iosgoTests/Info.plist;
				LD_RUNPATH_SEARCH_PATHS = "$(inherited) @executable_path/Frameworks @loader_path/Frameworks";
				PRODUCT_BUNDLE_IDENTIFIER = com.cheeseonhead.iosgoTests;
				PRODUCT_NAME = "$(TARGET_NAME)";
				SWIFT_VERSION = 3.0;
				TEST_HOST = "$(BUILT_PRODUCTS_DIR)/iosgo.app/iosgo";
			};
			name = Release;
		};
/* End XCBuildConfiguration section */

/* Begin XCConfigurationList section */
		565D24661E54A5A500EF62CD /* Build configuration list for PBXProject "iosgo" */ = {
			isa = XCConfigurationList;
			buildConfigurations = (
				565D248C1E54A5A500EF62CD /* Debug */,
				565D248D1E54A5A500EF62CD /* Release */,
			);
			defaultConfigurationIsVisible = 0;
			defaultConfigurationName = Release;
		};
		565D248E1E54A5A500EF62CD /* Build configuration list for PBXNativeTarget "iosgo" */ = {
			isa = XCConfigurationList;
			buildConfigurations = (
				565D248F1E54A5A500EF62CD /* Debug */,
				565D24901E54A5A500EF62CD /* Release */,
			);
			defaultConfigurationIsVisible = 0;
			defaultConfigurationName = Release;
		};
		565D24911E54A5A500EF62CD /* Build configuration list for PBXNativeTarget "iosgoTests" */ = {
			isa = XCConfigurationList;
			buildConfigurations = (
				565D24921E54A5A500EF62CD /* Debug */,
				565D24931E54A5A500EF62CD /* Release */,
			);
			defaultConfigurationIsVisible = 0;
			defaultConfigurationName = Release;
		};
/* End XCConfigurationList section */
	};
	rootObject = 565D24631E54A5A500EF62CD /* Project object */;
}
